
Microsoft Visual Studio Solution File, Format Version 10.00
# Visual Studio 2008
Project("{8BC9CEB8-8B4A-11D0-8D11-00A0C91BC942}") = "FloatTest", "FloatTest.vcproj", "{5AA9A399-E35E-46A1-8C4B-5C5735676196}"
EndProject
Global
	GlobalSection(SolutionConfigurationPlatforms) = preSolution
		Debug|Win32 = Debug|Win32
		Release|Win32 = Release|Win32
	EndGlobalSection
	GlobalSection(ProjectConfigurationPlatforms) = postSolution
		{5AA9A399-E35E-46A1-8C4B-5C5735676196}.Debug|Win32.ActiveCfg = Debug|Win32
		{5AA9A399-E35E-46A1-8C4B-5C5735676196}.Debug|Win32.Build.0 = Debug|Win32
		{5AA9A399-E35E-46A1-8C4B-5C5735676196}.Release|Win32.ActiveCfg = Release|Win32
		{5AA9A399-E35E-46A1-8C4B-5C5735676196}.Release|Win32.Build.0 = Release|Win32
	EndGlobalSection
	GlobalSection(SolutionProperties) = preSolution
		HideSolutionNode = FALSE
	EndGlobalSection
EndGlobal
