
Microsoft Visual Studio Solution File, Format Version 10.00
# Visual Studio 2008
Project("{FAE04EC0-301F-11D3-BF4B-00C04F79EFBC}") = "02Namespace", "02Namespace\02Namespace.csproj", "{ED8BC921-B6EC-401A-924D-A8F6B20F2C65}"
EndProject
Project("{FAE04EC0-301F-11D3-BF4B-00C04F79EFBC}") = "03BasicType", "03BasicType\03BasicType.csproj", "{7329BDF1-A08C-4FC1-BB26-B5A79AD5EEE9}"
EndProject
Project("{FAE04EC0-301F-11D3-BF4B-00C04F79EFBC}") = "04Enumeration", "04Enumeration\04Enumeration.csproj", "{E771E22E-10E9-4737-83BB-151FF4EF54BB}"
EndProject
Project("{FAE04EC0-301F-11D3-BF4B-00C04F79EFBC}") = "04Variable", "04Variable\04Variable.csproj", "{F8B179A7-DC99-426B-9959-B1C4C606E68E}"
EndProject
Project("{FAE04EC0-301F-11D3-BF4B-00C04F79EFBC}") = "05Array", "05Array\05Array.csproj", "{4C929DED-5888-4351-B440-36893B4081AC}"
EndProject
Project("{FAE04EC0-301F-11D3-BF4B-00C04F79EFBC}") = "06Encapsulation", "06Encapsulation\06Encapsulation.csproj", "{F44A4629-67B0-420F-92B1-C0FB0109A6AD}"
EndProject
Project("{FAE04EC0-301F-11D3-BF4B-00C04F79EFBC}") = "07Inherit", "07Inherit\07Inherit.csproj", "{8144BD96-1B99-42B3-80C1-0C0187E4A1C4}"
EndProject
Project("{FAE04EC0-301F-11D3-BF4B-00C04F79EFBC}") = "08Generics", "08Generics\08Generics.csproj", "{5E101213-6E1D-4A08-B66B-D7E02FE4E1B7}"
EndProject
Project("{FAE04EC0-301F-11D3-BF4B-00C04F79EFBC}") = "09Using", "09Using\09Using.csproj", "{A66CD4F0-CFB9-45A8-8B92-F00AF179D7E8}"
EndProject
Project("{FAE04EC0-301F-11D3-BF4B-00C04F79EFBC}") = "10Delegate", "10Delegate\10Delegate.csproj", "{91AE1480-3E4A-45F0-88B1-40FBDC920478}"
EndProject
Project("{FAE04EC0-301F-11D3-BF4B-00C04F79EFBC}") = "11Lambda", "11Lambda\11Lambda.csproj", "{7F04714F-1C87-4F32-B0CA-E1CADF03194A}"
EndProject
Project("{FAE04EC0-301F-11D3-BF4B-00C04F79EFBC}") = "12Anonymous", "12Anonymous\12Anonymous.csproj", "{DB2FC8E1-498C-4AB8-91C3-902E39FB8DFC}"
EndProject
Project("{FAE04EC0-301F-11D3-BF4B-00C04F79EFBC}") = "13List", "13List\13List.csproj", "{69446971-19C1-4B37-B76F-C9DD2C96E6C8}"
EndProject
Project("{FAE04EC0-301F-11D3-BF4B-00C04F79EFBC}") = "14Dictionary", "14Dictionary\14Dictionary.csproj", "{49A4A3C0-3D7D-4552-BD92-39E7D0DF6E7B}"
EndProject
Project("{FAE04EC0-301F-11D3-BF4B-00C04F79EFBC}") = "15Dynamic", "15Dynamic\15Dynamic.csproj", "{D5B60EFE-1903-4BB0-99C6-BA649CA7A04F}"
EndProject
Project("{FAE04EC0-301F-11D3-BF4B-00C04F79EFBC}") = "16Linq", "16Linq\16Linq.csproj", "{BF9DB9F1-4834-4449-93A4-1894729EB45B}"
EndProject
Project("{FAE04EC0-301F-11D3-BF4B-00C04F79EFBC}") = "03Convert", "03Convert\03Convert.csproj", "{39886636-F722-4EC8-A03C-5D2F1D375584}"
EndProject
Project("{FAE04EC0-301F-11D3-BF4B-00C04F79EFBC}") = "17Timer", "17Timer\17Timer.csproj", "{6FFC9101-733C-45D0-BB31-40313439D900}"
EndProject
Project("{FAE04EC0-301F-11D3-BF4B-00C04F79EFBC}") = "18String", "18String\18String.csproj", "{77112DA0-0D73-4475-9393-C526BBD3E73E}"
EndProject
Project("{FAE04EC0-301F-11D3-BF4B-00C04F79EFBC}") = "19Thread", "19Thread\19Thread.csproj", "{DDFA2E27-39D6-4825-82AA-907E82C79A6B}"
EndProject
Project("{FAE04EC0-301F-11D3-BF4B-00C04F79EFBC}") = "20Protobuf", "20Protobuf\20Protobuf.csproj", "{86DF1B35-8D5D-4268-8BF9-018B8D0FD627}"
EndProject
Project("{FAE04EC0-301F-11D3-BF4B-00C04F79EFBC}") = "01Helloworld", "01Helloworld\01Helloworld.csproj", "{D4BD6594-C315-4358-8709-EA5C805F33CE}"
EndProject
Project("{FAE04EC0-301F-11D3-BF4B-00C04F79EFBC}") = "21Type", "21Type\21Type.csproj", "{124A81F3-8D2E-4A37-9D4D-8B59E7E11D05}"
EndProject
Project("{FAE04EC0-301F-11D3-BF4B-00C04F79EFBC}") = "22Yield", "22Yield\22Yield.csproj", "{5FFCFB54-9260-48FD-BCE6-14D3716C29FF}"
EndProject
Project("{FAE04EC0-301F-11D3-BF4B-00C04F79EFBC}") = "23StateMachine", "23StateMachine\23StateMachine.csproj", "{5A8C2115-F8FA-4D2A-8AC3-735E7167BDEA}"
EndProject
Project("{FAE04EC0-301F-11D3-BF4B-00C04F79EFBC}") = "24InnerClass", "24InnerClass\24InnerClass.csproj", "{321BA6AA-F102-431E-97BB-A70A780468B4}"
EndProject
Project("{FAE04EC0-301F-11D3-BF4B-00C04F79EFBC}") = "25Equals", "25Equals\25Equals.csproj", "{AB31F1CE-41C8-4A10-A040-C860A24DF654}"
EndProject
Project("{FAE04EC0-301F-11D3-BF4B-00C04F79EFBC}") = "26Params", "26Params\26Params.csproj", "{96B1A465-1E98-46B0-8324-C59CBA911D39}"
EndProject
Project("{FAE04EC0-301F-11D3-BF4B-00C04F79EFBC}") = "27Observer", "27Observer\27Observer.csproj", "{6B0344BF-023F-41EA-960C-A57F4C47CCDE}"
EndProject
Project("{FAE04EC0-301F-11D3-BF4B-00C04F79EFBC}") = "28Observer", "28Observer\28Observer.csproj", "{60FF3615-3EAD-4BDC-A7BC-3571DE10F0AC}"
EndProject
Project("{FAE04EC0-301F-11D3-BF4B-00C04F79EFBC}") = "29Condition", "29Condition\29Condition.csproj", "{241A51B9-97FD-4448-99FC-CDD0B0D1A159}"
EndProject
Project("{FAE04EC0-301F-11D3-BF4B-00C04F79EFBC}") = "30BehaviourTrigger", "30BehaviourTrigger\30BehaviourTrigger.csproj", "{D16AEDC4-E9D9-4A1A-A2CD-BDA0DFEEE859}"
EndProject
Project("{FAE04EC0-301F-11D3-BF4B-00C04F79EFBC}") = "31Predicate", "31Predicate\31Predicate.csproj", "{275663BC-7F16-4739-B5F5-F30A065322DB}"
EndProject
Project("{FAE04EC0-301F-11D3-BF4B-00C04F79EFBC}") = "32Clock", "32Clock\32Clock.csproj", "{ECFAB75E-4CC8-4BA1-9EF2-4464656AAC27}"
EndProject
Global
	GlobalSection(SolutionConfigurationPlatforms) = preSolution
		Debug|Any CPU = Debug|Any CPU
		Release|Any CPU = Release|Any CPU
	EndGlobalSection
	GlobalSection(ProjectConfigurationPlatforms) = postSolution
		{ED8BC921-B6EC-401A-924D-A8F6B20F2C65}.Debug|Any CPU.ActiveCfg = Debug|Any CPU
		{ED8BC921-B6EC-401A-924D-A8F6B20F2C65}.Debug|Any CPU.Build.0 = Debug|Any CPU
		{ED8BC921-B6EC-401A-924D-A8F6B20F2C65}.Release|Any CPU.ActiveCfg = Release|Any CPU
		{ED8BC921-B6EC-401A-924D-A8F6B20F2C65}.Release|Any CPU.Build.0 = Release|Any CPU
		{7329BDF1-A08C-4FC1-BB26-B5A79AD5EEE9}.Debug|Any CPU.ActiveCfg = Debug|Any CPU
		{7329BDF1-A08C-4FC1-BB26-B5A79AD5EEE9}.Debug|Any CPU.Build.0 = Debug|Any CPU
		{7329BDF1-A08C-4FC1-BB26-B5A79AD5EEE9}.Release|Any CPU.ActiveCfg = Release|Any CPU
		{7329BDF1-A08C-4FC1-BB26-B5A79AD5EEE9}.Release|Any CPU.Build.0 = Release|Any CPU
		{E771E22E-10E9-4737-83BB-151FF4EF54BB}.Debug|Any CPU.ActiveCfg = Debug|Any CPU
		{E771E22E-10E9-4737-83BB-151FF4EF54BB}.Debug|Any CPU.Build.0 = Debug|Any CPU
		{E771E22E-10E9-4737-83BB-151FF4EF54BB}.Release|Any CPU.ActiveCfg = Release|Any CPU
		{E771E22E-10E9-4737-83BB-151FF4EF54BB}.Release|Any CPU.Build.0 = Release|Any CPU
		{F8B179A7-DC99-426B-9959-B1C4C606E68E}.Debug|Any CPU.ActiveCfg = Debug|Any CPU
		{F8B179A7-DC99-426B-9959-B1C4C606E68E}.Debug|Any CPU.Build.0 = Debug|Any CPU
		{F8B179A7-DC99-426B-9959-B1C4C606E68E}.Release|Any CPU.ActiveCfg = Release|Any CPU
		{F8B179A7-DC99-426B-9959-B1C4C606E68E}.Release|Any CPU.Build.0 = Release|Any CPU
		{4C929DED-5888-4351-B440-36893B4081AC}.Debug|Any CPU.ActiveCfg = Debug|Any CPU
		{4C929DED-5888-4351-B440-36893B4081AC}.Debug|Any CPU.Build.0 = Debug|Any CPU
		{4C929DED-5888-4351-B440-36893B4081AC}.Release|Any CPU.ActiveCfg = Release|Any CPU
		{4C929DED-5888-4351-B440-36893B4081AC}.Release|Any CPU.Build.0 = Release|Any CPU
		{F44A4629-67B0-420F-92B1-C0FB0109A6AD}.Debug|Any CPU.ActiveCfg = Debug|Any CPU
		{F44A4629-67B0-420F-92B1-C0FB0109A6AD}.Debug|Any CPU.Build.0 = Debug|Any CPU
		{F44A4629-67B0-420F-92B1-C0FB0109A6AD}.Release|Any CPU.ActiveCfg = Release|Any CPU
		{F44A4629-67B0-420F-92B1-C0FB0109A6AD}.Release|Any CPU.Build.0 = Release|Any CPU
		{8144BD96-1B99-42B3-80C1-0C0187E4A1C4}.Debug|Any CPU.ActiveCfg = Debug|Any CPU
		{8144BD96-1B99-42B3-80C1-0C0187E4A1C4}.Debug|Any CPU.Build.0 = Debug|Any CPU
		{8144BD96-1B99-42B3-80C1-0C0187E4A1C4}.Release|Any CPU.ActiveCfg = Release|Any CPU
		{8144BD96-1B99-42B3-80C1-0C0187E4A1C4}.Release|Any CPU.Build.0 = Release|Any CPU
		{5E101213-6E1D-4A08-B66B-D7E02FE4E1B7}.Debug|Any CPU.ActiveCfg = Debug|Any CPU
		{5E101213-6E1D-4A08-B66B-D7E02FE4E1B7}.Debug|Any CPU.Build.0 = Debug|Any CPU
		{5E101213-6E1D-4A08-B66B-D7E02FE4E1B7}.Release|Any CPU.ActiveCfg = Release|Any CPU
		{5E101213-6E1D-4A08-B66B-D7E02FE4E1B7}.Release|Any CPU.Build.0 = Release|Any CPU
		{A66CD4F0-CFB9-45A8-8B92-F00AF179D7E8}.Debug|Any CPU.ActiveCfg = Debug|Any CPU
		{A66CD4F0-CFB9-45A8-8B92-F00AF179D7E8}.Debug|Any CPU.Build.0 = Debug|Any CPU
		{A66CD4F0-CFB9-45A8-8B92-F00AF179D7E8}.Release|Any CPU.ActiveCfg = Release|Any CPU
		{A66CD4F0-CFB9-45A8-8B92-F00AF179D7E8}.Release|Any CPU.Build.0 = Release|Any CPU
		{91AE1480-3E4A-45F0-88B1-40FBDC920478}.Debug|Any CPU.ActiveCfg = Debug|Any CPU
		{91AE1480-3E4A-45F0-88B1-40FBDC920478}.Debug|Any CPU.Build.0 = Debug|Any CPU
		{91AE1480-3E4A-45F0-88B1-40FBDC920478}.Release|Any CPU.ActiveCfg = Release|Any CPU
		{91AE1480-3E4A-45F0-88B1-40FBDC920478}.Release|Any CPU.Build.0 = Release|Any CPU
		{7F04714F-1C87-4F32-B0CA-E1CADF03194A}.Debug|Any CPU.ActiveCfg = Debug|Any CPU
		{7F04714F-1C87-4F32-B0CA-E1CADF03194A}.Debug|Any CPU.Build.0 = Debug|Any CPU
		{7F04714F-1C87-4F32-B0CA-E1CADF03194A}.Release|Any CPU.ActiveCfg = Release|Any CPU
		{7F04714F-1C87-4F32-B0CA-E1CADF03194A}.Release|Any CPU.Build.0 = Release|Any CPU
		{DB2FC8E1-498C-4AB8-91C3-902E39FB8DFC}.Debug|Any CPU.ActiveCfg = Debug|Any CPU
		{DB2FC8E1-498C-4AB8-91C3-902E39FB8DFC}.Debug|Any CPU.Build.0 = Debug|Any CPU
		{DB2FC8E1-498C-4AB8-91C3-902E39FB8DFC}.Release|Any CPU.ActiveCfg = Release|Any CPU
		{DB2FC8E1-498C-4AB8-91C3-902E39FB8DFC}.Release|Any CPU.Build.0 = Release|Any CPU
		{69446971-19C1-4B37-B76F-C9DD2C96E6C8}.Debug|Any CPU.ActiveCfg = Debug|Any CPU
		{69446971-19C1-4B37-B76F-C9DD2C96E6C8}.Debug|Any CPU.Build.0 = Debug|Any CPU
		{69446971-19C1-4B37-B76F-C9DD2C96E6C8}.Release|Any CPU.ActiveCfg = Release|Any CPU
		{69446971-19C1-4B37-B76F-C9DD2C96E6C8}.Release|Any CPU.Build.0 = Release|Any CPU
		{49A4A3C0-3D7D-4552-BD92-39E7D0DF6E7B}.Debug|Any CPU.ActiveCfg = Debug|Any CPU
		{49A4A3C0-3D7D-4552-BD92-39E7D0DF6E7B}.Debug|Any CPU.Build.0 = Debug|Any CPU
		{49A4A3C0-3D7D-4552-BD92-39E7D0DF6E7B}.Release|Any CPU.ActiveCfg = Release|Any CPU
		{49A4A3C0-3D7D-4552-BD92-39E7D0DF6E7B}.Release|Any CPU.Build.0 = Release|Any CPU
		{D5B60EFE-1903-4BB0-99C6-BA649CA7A04F}.Debug|Any CPU.ActiveCfg = Debug|Any CPU
		{D5B60EFE-1903-4BB0-99C6-BA649CA7A04F}.Debug|Any CPU.Build.0 = Debug|Any CPU
		{D5B60EFE-1903-4BB0-99C6-BA649CA7A04F}.Release|Any CPU.ActiveCfg = Release|Any CPU
		{D5B60EFE-1903-4BB0-99C6-BA649CA7A04F}.Release|Any CPU.Build.0 = Release|Any CPU
		{BF9DB9F1-4834-4449-93A4-1894729EB45B}.Debug|Any CPU.ActiveCfg = Debug|Any CPU
		{BF9DB9F1-4834-4449-93A4-1894729EB45B}.Debug|Any CPU.Build.0 = Debug|Any CPU
		{BF9DB9F1-4834-4449-93A4-1894729EB45B}.Release|Any CPU.ActiveCfg = Release|Any CPU
		{BF9DB9F1-4834-4449-93A4-1894729EB45B}.Release|Any CPU.Build.0 = Release|Any CPU
		{39886636-F722-4EC8-A03C-5D2F1D375584}.Debug|Any CPU.ActiveCfg = Debug|Any CPU
		{39886636-F722-4EC8-A03C-5D2F1D375584}.Debug|Any CPU.Build.0 = Debug|Any CPU
		{39886636-F722-4EC8-A03C-5D2F1D375584}.Release|Any CPU.ActiveCfg = Release|Any CPU
		{39886636-F722-4EC8-A03C-5D2F1D375584}.Release|Any CPU.Build.0 = Release|Any CPU
		{6FFC9101-733C-45D0-BB31-40313439D900}.Debug|Any CPU.ActiveCfg = Debug|Any CPU
		{6FFC9101-733C-45D0-BB31-40313439D900}.Debug|Any CPU.Build.0 = Debug|Any CPU
		{6FFC9101-733C-45D0-BB31-40313439D900}.Release|Any CPU.ActiveCfg = Release|Any CPU
		{6FFC9101-733C-45D0-BB31-40313439D900}.Release|Any CPU.Build.0 = Release|Any CPU
		{77112DA0-0D73-4475-9393-C526BBD3E73E}.Debug|Any CPU.ActiveCfg = Debug|Any CPU
		{77112DA0-0D73-4475-9393-C526BBD3E73E}.Debug|Any CPU.Build.0 = Debug|Any CPU
		{77112DA0-0D73-4475-9393-C526BBD3E73E}.Release|Any CPU.ActiveCfg = Release|Any CPU
		{77112DA0-0D73-4475-9393-C526BBD3E73E}.Release|Any CPU.Build.0 = Release|Any CPU
		{DDFA2E27-39D6-4825-82AA-907E82C79A6B}.Debug|Any CPU.ActiveCfg = Debug|Any CPU
		{DDFA2E27-39D6-4825-82AA-907E82C79A6B}.Debug|Any CPU.Build.0 = Debug|Any CPU
		{DDFA2E27-39D6-4825-82AA-907E82C79A6B}.Release|Any CPU.ActiveCfg = Release|Any CPU
		{DDFA2E27-39D6-4825-82AA-907E82C79A6B}.Release|Any CPU.Build.0 = Release|Any CPU
		{86DF1B35-8D5D-4268-8BF9-018B8D0FD627}.Debug|Any CPU.ActiveCfg = Debug|Any CPU
		{86DF1B35-8D5D-4268-8BF9-018B8D0FD627}.Debug|Any CPU.Build.0 = Debug|Any CPU
		{86DF1B35-8D5D-4268-8BF9-018B8D0FD627}.Release|Any CPU.ActiveCfg = Release|Any CPU
		{86DF1B35-8D5D-4268-8BF9-018B8D0FD627}.Release|Any CPU.Build.0 = Release|Any CPU
		{D4BD6594-C315-4358-8709-EA5C805F33CE}.Debug|Any CPU.ActiveCfg = Debug|Any CPU
		{D4BD6594-C315-4358-8709-EA5C805F33CE}.Debug|Any CPU.Build.0 = Debug|Any CPU
		{D4BD6594-C315-4358-8709-EA5C805F33CE}.Release|Any CPU.ActiveCfg = Release|Any CPU
		{D4BD6594-C315-4358-8709-EA5C805F33CE}.Release|Any CPU.Build.0 = Release|Any CPU
		{124A81F3-8D2E-4A37-9D4D-8B59E7E11D05}.Debug|Any CPU.ActiveCfg = Debug|Any CPU
		{124A81F3-8D2E-4A37-9D4D-8B59E7E11D05}.Debug|Any CPU.Build.0 = Debug|Any CPU
		{124A81F3-8D2E-4A37-9D4D-8B59E7E11D05}.Release|Any CPU.ActiveCfg = Release|Any CPU
		{124A81F3-8D2E-4A37-9D4D-8B59E7E11D05}.Release|Any CPU.Build.0 = Release|Any CPU
		{5FFCFB54-9260-48FD-BCE6-14D3716C29FF}.Debug|Any CPU.ActiveCfg = Debug|Any CPU
		{5FFCFB54-9260-48FD-BCE6-14D3716C29FF}.Debug|Any CPU.Build.0 = Debug|Any CPU
		{5FFCFB54-9260-48FD-BCE6-14D3716C29FF}.Release|Any CPU.ActiveCfg = Release|Any CPU
		{5FFCFB54-9260-48FD-BCE6-14D3716C29FF}.Release|Any CPU.Build.0 = Release|Any CPU
		{5A8C2115-F8FA-4D2A-8AC3-735E7167BDEA}.Debug|Any CPU.ActiveCfg = Debug|Any CPU
		{5A8C2115-F8FA-4D2A-8AC3-735E7167BDEA}.Debug|Any CPU.Build.0 = Debug|Any CPU
		{5A8C2115-F8FA-4D2A-8AC3-735E7167BDEA}.Release|Any CPU.ActiveCfg = Release|Any CPU
		{5A8C2115-F8FA-4D2A-8AC3-735E7167BDEA}.Release|Any CPU.Build.0 = Release|Any CPU
		{321BA6AA-F102-431E-97BB-A70A780468B4}.Debug|Any CPU.ActiveCfg = Debug|Any CPU
		{321BA6AA-F102-431E-97BB-A70A780468B4}.Debug|Any CPU.Build.0 = Debug|Any CPU
		{321BA6AA-F102-431E-97BB-A70A780468B4}.Release|Any CPU.ActiveCfg = Release|Any CPU
		{321BA6AA-F102-431E-97BB-A70A780468B4}.Release|Any CPU.Build.0 = Release|Any CPU
		{AB31F1CE-41C8-4A10-A040-C860A24DF654}.Debug|Any CPU.ActiveCfg = Debug|Any CPU
		{AB31F1CE-41C8-4A10-A040-C860A24DF654}.Debug|Any CPU.Build.0 = Debug|Any CPU
		{AB31F1CE-41C8-4A10-A040-C860A24DF654}.Release|Any CPU.ActiveCfg = Release|Any CPU
		{AB31F1CE-41C8-4A10-A040-C860A24DF654}.Release|Any CPU.Build.0 = Release|Any CPU
		{96B1A465-1E98-46B0-8324-C59CBA911D39}.Debug|Any CPU.ActiveCfg = Debug|Any CPU
		{96B1A465-1E98-46B0-8324-C59CBA911D39}.Debug|Any CPU.Build.0 = Debug|Any CPU
		{96B1A465-1E98-46B0-8324-C59CBA911D39}.Release|Any CPU.ActiveCfg = Release|Any CPU
		{96B1A465-1E98-46B0-8324-C59CBA911D39}.Release|Any CPU.Build.0 = Release|Any CPU
		{6B0344BF-023F-41EA-960C-A57F4C47CCDE}.Debug|Any CPU.ActiveCfg = Debug|Any CPU
		{6B0344BF-023F-41EA-960C-A57F4C47CCDE}.Debug|Any CPU.Build.0 = Debug|Any CPU
		{6B0344BF-023F-41EA-960C-A57F4C47CCDE}.Release|Any CPU.ActiveCfg = Release|Any CPU
		{6B0344BF-023F-41EA-960C-A57F4C47CCDE}.Release|Any CPU.Build.0 = Release|Any CPU
		{60FF3615-3EAD-4BDC-A7BC-3571DE10F0AC}.Debug|Any CPU.ActiveCfg = Debug|Any CPU
		{60FF3615-3EAD-4BDC-A7BC-3571DE10F0AC}.Debug|Any CPU.Build.0 = Debug|Any CPU
		{60FF3615-3EAD-4BDC-A7BC-3571DE10F0AC}.Release|Any CPU.ActiveCfg = Release|Any CPU
		{60FF3615-3EAD-4BDC-A7BC-3571DE10F0AC}.Release|Any CPU.Build.0 = Release|Any CPU
		{241A51B9-97FD-4448-99FC-CDD0B0D1A159}.Debug|Any CPU.ActiveCfg = Debug|Any CPU
		{241A51B9-97FD-4448-99FC-CDD0B0D1A159}.Debug|Any CPU.Build.0 = Debug|Any CPU
		{241A51B9-97FD-4448-99FC-CDD0B0D1A159}.Release|Any CPU.ActiveCfg = Release|Any CPU
		{241A51B9-97FD-4448-99FC-CDD0B0D1A159}.Release|Any CPU.Build.0 = Release|Any CPU
		{D16AEDC4-E9D9-4A1A-A2CD-BDA0DFEEE859}.Debug|Any CPU.ActiveCfg = Debug|Any CPU
		{D16AEDC4-E9D9-4A1A-A2CD-BDA0DFEEE859}.Debug|Any CPU.Build.0 = Debug|Any CPU
		{D16AEDC4-E9D9-4A1A-A2CD-BDA0DFEEE859}.Release|Any CPU.ActiveCfg = Release|Any CPU
		{D16AEDC4-E9D9-4A1A-A2CD-BDA0DFEEE859}.Release|Any CPU.Build.0 = Release|Any CPU
		{275663BC-7F16-4739-B5F5-F30A065322DB}.Debug|Any CPU.ActiveCfg = Debug|Any CPU
		{275663BC-7F16-4739-B5F5-F30A065322DB}.Debug|Any CPU.Build.0 = Debug|Any CPU
		{275663BC-7F16-4739-B5F5-F30A065322DB}.Release|Any CPU.ActiveCfg = Release|Any CPU
		{275663BC-7F16-4739-B5F5-F30A065322DB}.Release|Any CPU.Build.0 = Release|Any CPU
		{ECFAB75E-4CC8-4BA1-9EF2-4464656AAC27}.Debug|Any CPU.ActiveCfg = Debug|Any CPU
		{ECFAB75E-4CC8-4BA1-9EF2-4464656AAC27}.Debug|Any CPU.Build.0 = Debug|Any CPU
		{ECFAB75E-4CC8-4BA1-9EF2-4464656AAC27}.Release|Any CPU.ActiveCfg = Release|Any CPU
		{ECFAB75E-4CC8-4BA1-9EF2-4464656AAC27}.Release|Any CPU.Build.0 = Release|Any CPU
	EndGlobalSection
	GlobalSection(SolutionProperties) = preSolution
		HideSolutionNode = FALSE
	EndGlobalSection
EndGlobal
