
Microsoft Visual Studio Solution File, Format Version 10.00
# Visual Studio 2008
Project("{8BC9CEB8-8B4A-11D0-8D11-00A0C91BC942}") = "Yon", "Yon\Yon.vcproj", "{06BDAD58-392F-4E42-934E-17F9240080D8}"
EndProject
Project("{8BC9CEB8-8B4A-11D0-8D11-00A0C91BC942}") = "YonExample", "YonExample\YonExample.vcproj", "{9471CB64-071D-484C-B8DE-2FB3CAE63B99}"
	ProjectSection(ProjectDependencies) = postProject
		{06BDAD58-392F-4E42-934E-17F9240080D8} = {06BDAD58-392F-4E42-934E-17F9240080D8}
	EndProjectSection
EndProject
Project("{8BC9CEB8-8B4A-11D0-8D11-00A0C91BC942}") = "cppunit", "cppunit\cppunit.vcproj", "{B53FDD35-4676-4137-AFBC-020AB0EB266E}"
EndProject
Project("{8BC9CEB8-8B4A-11D0-8D11-00A0C91BC942}") = "YonTest", "YonTest\YonTest.vcproj", "{D02D7F00-A6B3-4EAE-BA2F-D2A7FF1553A9}"
	ProjectSection(ProjectDependencies) = postProject
		{B53FDD35-4676-4137-AFBC-020AB0EB266E} = {B53FDD35-4676-4137-AFBC-020AB0EB266E}
		{06BDAD58-392F-4E42-934E-17F9240080D8} = {06BDAD58-392F-4E42-934E-17F9240080D8}
	EndProjectSection
EndProject
Project("{8BC9CEB8-8B4A-11D0-8D11-00A0C91BC942}") = "YonExampleDlg", "YonExampleDlg\YonExampleDlg.vcproj", "{6CAAA19D-61FC-446B-8AF7-C5DE447BCE8C}"
	ProjectSection(ProjectDependencies) = postProject
		{06BDAD58-392F-4E42-934E-17F9240080D8} = {06BDAD58-392F-4E42-934E-17F9240080D8}
	EndProjectSection
EndProject
Project("{8BC9CEB8-8B4A-11D0-8D11-00A0C91BC942}") = "YonExampleSDI", "YonExampleSDI\YonExampleSDI.vcproj", "{E92461EE-EC5D-4469-BB3A-2C2282CC03A4}"
	ProjectSection(ProjectDependencies) = postProject
		{06BDAD58-392F-4E42-934E-17F9240080D8} = {06BDAD58-392F-4E42-934E-17F9240080D8}
	EndProjectSection
EndProject
Project("{8BC9CEB8-8B4A-11D0-8D11-00A0C91BC942}") = "YonRTT", "YonRTT\YonRTT.vcproj", "{EAE7710E-AD1C-4B57-9F9D-0F8A60EDE31C}"
	ProjectSection(ProjectDependencies) = postProject
		{06BDAD58-392F-4E42-934E-17F9240080D8} = {06BDAD58-392F-4E42-934E-17F9240080D8}
	EndProjectSection
EndProject
Project("{8BC9CEB8-8B4A-11D0-8D11-00A0C91BC942}") = "YonGUI", "YonGUI\YonGUI.vcproj", "{42A82283-7D98-47CF-85E9-B6206BB988CD}"
	ProjectSection(ProjectDependencies) = postProject
		{F765934B-0F3C-4DF3-9B02-E9C5B1DA9594} = {F765934B-0F3C-4DF3-9B02-E9C5B1DA9594}
		{06BDAD58-392F-4E42-934E-17F9240080D8} = {06BDAD58-392F-4E42-934E-17F9240080D8}
		{67F25469-DDEB-43DD-947B-D79DB7092AAF} = {67F25469-DDEB-43DD-947B-D79DB7092AAF}
		{BE19D173-580C-47CE-9E4D-5813869689B0} = {BE19D173-580C-47CE-9E4D-5813869689B0}
	EndProjectSection
EndProject
Project("{8BC9CEB8-8B4A-11D0-8D11-00A0C91BC942}") = "YonThemes", "YonThemes\YonThemes.vcproj", "{A728A158-E774-486C-95B9-1BDF9C215E28}"
	ProjectSection(ProjectDependencies) = postProject
		{06BDAD58-392F-4E42-934E-17F9240080D8} = {06BDAD58-392F-4E42-934E-17F9240080D8}
		{67F25469-DDEB-43DD-947B-D79DB7092AAF} = {67F25469-DDEB-43DD-947B-D79DB7092AAF}
		{BE19D173-580C-47CE-9E4D-5813869689B0} = {BE19D173-580C-47CE-9E4D-5813869689B0}
	EndProjectSection
EndProject
Project("{8BC9CEB8-8B4A-11D0-8D11-00A0C91BC942}") = "freetype", "freetype\freetype.vcproj", "{F765934B-0F3C-4DF3-9B02-E9C5B1DA9594}"
EndProject
Project("{8BC9CEB8-8B4A-11D0-8D11-00A0C91BC942}") = "MyGUIEngine", "MyGUIEngine\MyGUIEngine.vcproj", "{BE19D173-580C-47CE-9E4D-5813869689B0}"
	ProjectSection(ProjectDependencies) = postProject
		{F765934B-0F3C-4DF3-9B02-E9C5B1DA9594} = {F765934B-0F3C-4DF3-9B02-E9C5B1DA9594}
	EndProjectSection
EndProject
Project("{8BC9CEB8-8B4A-11D0-8D11-00A0C91BC942}") = "MyGUIAdapter", "MyGUIAdapter\MyGUIAdapter.vcproj", "{67F25469-DDEB-43DD-947B-D79DB7092AAF}"
	ProjectSection(ProjectDependencies) = postProject
		{F765934B-0F3C-4DF3-9B02-E9C5B1DA9594} = {F765934B-0F3C-4DF3-9B02-E9C5B1DA9594}
		{06BDAD58-392F-4E42-934E-17F9240080D8} = {06BDAD58-392F-4E42-934E-17F9240080D8}
		{BE19D173-580C-47CE-9E4D-5813869689B0} = {BE19D173-580C-47CE-9E4D-5813869689B0}
	EndProjectSection
EndProject
Project("{8BC9CEB8-8B4A-11D0-8D11-00A0C91BC942}") = "Build", "Build\Build.vcproj", "{C327A5C8-7F19-4366-B518-184A3EEDC2C7}"
EndProject
Project("{8BC9CEB8-8B4A-11D0-8D11-00A0C91BC942}") = "YonMask", "YonMask\YonMask.vcproj", "{E7EFF892-AC04-442E-8D2D-73BFC5A01520}"
	ProjectSection(ProjectDependencies) = postProject
		{06BDAD58-392F-4E42-934E-17F9240080D8} = {06BDAD58-392F-4E42-934E-17F9240080D8}
	EndProjectSection
EndProject
Project("{8BC9CEB8-8B4A-11D0-8D11-00A0C91BC942}") = "YonBlend", "YonBlend\YonBlend.vcproj", "{27E45365-58CB-4608-8A83-5F3D9EAC21C9}"
	ProjectSection(ProjectDependencies) = postProject
		{06BDAD58-392F-4E42-934E-17F9240080D8} = {06BDAD58-392F-4E42-934E-17F9240080D8}
	EndProjectSection
EndProject
Project("{8BC9CEB8-8B4A-11D0-8D11-00A0C91BC942}") = "YonCustomModel", "YonCustomModel\YonCustomModel.vcproj", "{1996CAC0-C498-45EE-AC9A-CEDE42624955}"
	ProjectSection(ProjectDependencies) = postProject
		{06BDAD58-392F-4E42-934E-17F9240080D8} = {06BDAD58-392F-4E42-934E-17F9240080D8}
	EndProjectSection
EndProject
Project("{8BC9CEB8-8B4A-11D0-8D11-00A0C91BC942}") = "YonIO", "YonIO\YonIO.vcproj", "{7FD5B1B1-D672-48F5-81A4-40DD17871BE7}"
	ProjectSection(ProjectDependencies) = postProject
		{06BDAD58-392F-4E42-934E-17F9240080D8} = {06BDAD58-392F-4E42-934E-17F9240080D8}
	EndProjectSection
EndProject
Project("{8BC9CEB8-8B4A-11D0-8D11-00A0C91BC942}") = "YonMFC", "YonMFC\YonMFC.vcproj", "{B311E303-4EF8-41F3-98B5-FA179BDC61BD}"
	ProjectSection(ProjectDependencies) = postProject
		{06BDAD58-392F-4E42-934E-17F9240080D8} = {06BDAD58-392F-4E42-934E-17F9240080D8}
	EndProjectSection
EndProject
Project("{8BC9CEB8-8B4A-11D0-8D11-00A0C91BC942}") = "YonMultiwindow", "YonMultiwindow\YonMultiwindow.vcproj", "{77CE8D86-B5EC-40CF-B6B2-2595F90067AF}"
	ProjectSection(ProjectDependencies) = postProject
		{06BDAD58-392F-4E42-934E-17F9240080D8} = {06BDAD58-392F-4E42-934E-17F9240080D8}
	EndProjectSection
EndProject
Project("{8BC9CEB8-8B4A-11D0-8D11-00A0C91BC942}") = "YonLogger", "YonLogger\YonLogger.vcproj", "{C9E89229-4D85-483F-B044-0D5E7674559E}"
	ProjectSection(ProjectDependencies) = postProject
		{06BDAD58-392F-4E42-934E-17F9240080D8} = {06BDAD58-392F-4E42-934E-17F9240080D8}
	EndProjectSection
EndProject
Project("{8BC9CEB8-8B4A-11D0-8D11-00A0C91BC942}") = "YonMipMap", "YonMipMap\YonMipMap.vcproj", "{6272C7EE-7C29-417E-B7CE-5F956DC8B752}"
	ProjectSection(ProjectDependencies) = postProject
		{06BDAD58-392F-4E42-934E-17F9240080D8} = {06BDAD58-392F-4E42-934E-17F9240080D8}
	EndProjectSection
EndProject
Project("{8BC9CEB8-8B4A-11D0-8D11-00A0C91BC942}") = "YonTransparent", "YonTransparent\YonTransparent.vcproj", "{F63F0B7A-AB7C-44EC-874D-A385DB09C926}"
	ProjectSection(ProjectDependencies) = postProject
		{06BDAD58-392F-4E42-934E-17F9240080D8} = {06BDAD58-392F-4E42-934E-17F9240080D8}
	EndProjectSection
EndProject
Project("{8BC9CEB8-8B4A-11D0-8D11-00A0C91BC942}") = "YonEffect", "YonEffect\YonEffect.vcproj", "{B506DD4C-EF30-4404-8BDB-3A0102C0B350}"
	ProjectSection(ProjectDependencies) = postProject
		{06BDAD58-392F-4E42-934E-17F9240080D8} = {06BDAD58-392F-4E42-934E-17F9240080D8}
	EndProjectSection
EndProject
Project("{8BC9CEB8-8B4A-11D0-8D11-00A0C91BC942}") = "YonGraphics", "YonGraphics\YonGraphics.vcproj", "{FA095739-6CCD-452C-B4A7-D8A35E903BA3}"
	ProjectSection(ProjectDependencies) = postProject
		{06BDAD58-392F-4E42-934E-17F9240080D8} = {06BDAD58-392F-4E42-934E-17F9240080D8}
	EndProjectSection
EndProject
Project("{8BC9CEB8-8B4A-11D0-8D11-00A0C91BC942}") = "YonMultitouch", "YonMultitouch\YonMultitouch.vcproj", "{ED8F21E3-BE28-4197-86C2-D51B2E770D85}"
	ProjectSection(ProjectDependencies) = postProject
		{06BDAD58-392F-4E42-934E-17F9240080D8} = {06BDAD58-392F-4E42-934E-17F9240080D8}
	EndProjectSection
EndProject
Project("{8BC9CEB8-8B4A-11D0-8D11-00A0C91BC942}") = "YonMultitouch2", "YonMultitouch2\YonMultitouch2.vcproj", "{D17F8147-9CE6-40F9-B39A-84E1E8CDA3BD}"
	ProjectSection(ProjectDependencies) = postProject
		{06BDAD58-392F-4E42-934E-17F9240080D8} = {06BDAD58-392F-4E42-934E-17F9240080D8}
	EndProjectSection
EndProject
Project("{8BC9CEB8-8B4A-11D0-8D11-00A0C91BC942}") = "YonDoublewindow", "YonDoublewindow\YonDoublewindow.vcproj", "{5CDE9067-8158-458C-87D9-C40820F122C5}"
	ProjectSection(ProjectDependencies) = postProject
		{06BDAD58-392F-4E42-934E-17F9240080D8} = {06BDAD58-392F-4E42-934E-17F9240080D8}
	EndProjectSection
EndProject
Project("{8BC9CEB8-8B4A-11D0-8D11-00A0C91BC942}") = "YonCallback", "YonCallback\YonCallback.vcproj", "{2A44DDCE-EA43-460C-A239-FBB4586A2CBF}"
	ProjectSection(ProjectDependencies) = postProject
		{06BDAD58-392F-4E42-934E-17F9240080D8} = {06BDAD58-392F-4E42-934E-17F9240080D8}
	EndProjectSection
EndProject
Project("{8BC9CEB8-8B4A-11D0-8D11-00A0C91BC942}") = "YonSound", "YonSound\YonSound.vcproj", "{7C5C7647-8F80-470E-8BD9-B251F930A7C9}"
	ProjectSection(ProjectDependencies) = postProject
		{06BDAD58-392F-4E42-934E-17F9240080D8} = {06BDAD58-392F-4E42-934E-17F9240080D8}
	EndProjectSection
EndProject
Project("{8BC9CEB8-8B4A-11D0-8D11-00A0C91BC942}") = "YonWindowOrtho", "YonWindowOrtho\YonWindowOrtho.vcproj", "{A0D4D11A-145C-4DA8-8E94-C544E8C992E1}"
	ProjectSection(ProjectDependencies) = postProject
		{06BDAD58-392F-4E42-934E-17F9240080D8} = {06BDAD58-392F-4E42-934E-17F9240080D8}
	EndProjectSection
EndProject
Project("{8BC9CEB8-8B4A-11D0-8D11-00A0C91BC942}") = "YonGUIReal", "YonGUIReal\YonGUIReal.vcproj", "{20ABE066-C927-4D1D-87F8-6102ED4267F6}"
	ProjectSection(ProjectDependencies) = postProject
		{06BDAD58-392F-4E42-934E-17F9240080D8} = {06BDAD58-392F-4E42-934E-17F9240080D8}
		{67F25469-DDEB-43DD-947B-D79DB7092AAF} = {67F25469-DDEB-43DD-947B-D79DB7092AAF}
		{BE19D173-580C-47CE-9E4D-5813869689B0} = {BE19D173-580C-47CE-9E4D-5813869689B0}
	EndProjectSection
EndProject
Project("{8BC9CEB8-8B4A-11D0-8D11-00A0C91BC942}") = "YonVRAM", "YonVRAM\YonVRAM.vcproj", "{BD29ADE6-97AA-41FB-BF74-F2FB12B5871D}"
	ProjectSection(ProjectDependencies) = postProject
		{06BDAD58-392F-4E42-934E-17F9240080D8} = {06BDAD58-392F-4E42-934E-17F9240080D8}
	EndProjectSection
EndProject
Project("{8BC9CEB8-8B4A-11D0-8D11-00A0C91BC942}") = "YonPNG", "YonPNG\YonPNG.vcproj", "{F4C1609D-7B26-4990-AEFA-981A99CF659C}"
	ProjectSection(ProjectDependencies) = postProject
		{06BDAD58-392F-4E42-934E-17F9240080D8} = {06BDAD58-392F-4E42-934E-17F9240080D8}
	EndProjectSection
EndProject
Project("{8BC9CEB8-8B4A-11D0-8D11-00A0C91BC942}") = "YonTerrain", "YonTerrain\YonTerrain.vcproj", "{2C125EE0-B7CE-48A1-9697-03FDCCDFE7C7}"
	ProjectSection(ProjectDependencies) = postProject
		{06BDAD58-392F-4E42-934E-17F9240080D8} = {06BDAD58-392F-4E42-934E-17F9240080D8}
	EndProjectSection
EndProject
Project("{8BC9CEB8-8B4A-11D0-8D11-00A0C91BC942}") = "YonAnimator", "YonAnimator\YonAnimator.vcproj", "{23780E55-853F-4E0F-B5E9-2D3B48DE01F0}"
	ProjectSection(ProjectDependencies) = postProject
		{06BDAD58-392F-4E42-934E-17F9240080D8} = {06BDAD58-392F-4E42-934E-17F9240080D8}
	EndProjectSection
EndProject
Project("{8BC9CEB8-8B4A-11D0-8D11-00A0C91BC942}") = "YonVBO", "YonVBO\YonVBO.vcproj", "{42CF811B-AAFE-4120-B6C2-BD78D9D978D0}"
	ProjectSection(ProjectDependencies) = postProject
		{06BDAD58-392F-4E42-934E-17F9240080D8} = {06BDAD58-392F-4E42-934E-17F9240080D8}
	EndProjectSection
EndProject
Project("{8BC9CEB8-8B4A-11D0-8D11-00A0C91BC942}") = "YonXLBReader", "YonXLBReader\YonXLBReader.vcproj", "{C4BEF963-F945-4F59-97B5-AEA4DDB418D2}"
	ProjectSection(ProjectDependencies) = postProject
		{06BDAD58-392F-4E42-934E-17F9240080D8} = {06BDAD58-392F-4E42-934E-17F9240080D8}
	EndProjectSection
EndProject
Project("{8BC9CEB8-8B4A-11D0-8D11-00A0C91BC942}") = "YonStateMachine", "YonStateMachine\YonStateMachine.vcproj", "{9B5F1D74-459E-4EA4-B8E0-FE3051B1C1B4}"
	ProjectSection(ProjectDependencies) = postProject
		{06BDAD58-392F-4E42-934E-17F9240080D8} = {06BDAD58-392F-4E42-934E-17F9240080D8}
	EndProjectSection
EndProject
Project("{8BC9CEB8-8B4A-11D0-8D11-00A0C91BC942}") = "Primeval", "Primeval\Primeval.vcproj", "{8062E966-5115-4FC0-ACDC-0CE1BD1B0AA5}"
EndProject
Project("{8BC9CEB8-8B4A-11D0-8D11-00A0C91BC942}") = "YonGUIRTT", "YonGUIRTT\YonGUIRTT.vcproj", "{A4859462-1072-4FC8-9E6E-FD53FBE13AD0}"
	ProjectSection(ProjectDependencies) = postProject
		{F765934B-0F3C-4DF3-9B02-E9C5B1DA9594} = {F765934B-0F3C-4DF3-9B02-E9C5B1DA9594}
		{06BDAD58-392F-4E42-934E-17F9240080D8} = {06BDAD58-392F-4E42-934E-17F9240080D8}
		{67F25469-DDEB-43DD-947B-D79DB7092AAF} = {67F25469-DDEB-43DD-947B-D79DB7092AAF}
		{BE19D173-580C-47CE-9E4D-5813869689B0} = {BE19D173-580C-47CE-9E4D-5813869689B0}
	EndProjectSection
EndProject
Project("{8BC9CEB8-8B4A-11D0-8D11-00A0C91BC942}") = "YonGraphicsWindow", "YonGraphicsWindow\YonGraphicsWindow.vcproj", "{BED7FD02-E98C-4B1C-8B41-C0FD4006E4C9}"
	ProjectSection(ProjectDependencies) = postProject
		{06BDAD58-392F-4E42-934E-17F9240080D8} = {06BDAD58-392F-4E42-934E-17F9240080D8}
	EndProjectSection
EndProject
Project("{8BC9CEB8-8B4A-11D0-8D11-00A0C91BC942}") = "YonCompressDDS", "YonCompressDDS\YonCompressDDS.vcproj", "{61008592-E0EA-4075-A1DB-57FA2EF2AD07}"
	ProjectSection(ProjectDependencies) = postProject
		{06BDAD58-392F-4E42-934E-17F9240080D8} = {06BDAD58-392F-4E42-934E-17F9240080D8}
	EndProjectSection
EndProject
Project("{8BC9CEB8-8B4A-11D0-8D11-00A0C91BC942}") = "YonCompressPKM", "YonCompressPKM\YonCompressPKM.vcproj", "{C089EF1A-D8DC-4F11-8B34-DAAD1E1ABB13}"
	ProjectSection(ProjectDependencies) = postProject
		{06BDAD58-392F-4E42-934E-17F9240080D8} = {06BDAD58-392F-4E42-934E-17F9240080D8}
	EndProjectSection
EndProject
Project("{8BC9CEB8-8B4A-11D0-8D11-00A0C91BC942}") = "YonCompressKTX", "YonCompressKTX\YonCompressKTX.vcproj", "{5B891D11-9A56-435E-B25D-0719BB3B0376}"
	ProjectSection(ProjectDependencies) = postProject
		{06BDAD58-392F-4E42-934E-17F9240080D8} = {06BDAD58-392F-4E42-934E-17F9240080D8}
	EndProjectSection
EndProject
Project("{8BC9CEB8-8B4A-11D0-8D11-00A0C91BC942}") = "YonCompressPVR", "YonCompressPVR\YonCompressPVR.vcproj", "{C839D9B7-3B26-4282-8D51-C461D72AE382}"
	ProjectSection(ProjectDependencies) = postProject
		{06BDAD58-392F-4E42-934E-17F9240080D8} = {06BDAD58-392F-4E42-934E-17F9240080D8}
	EndProjectSection
EndProject
Project("{8BC9CEB8-8B4A-11D0-8D11-00A0C91BC942}") = "YonXC3D", "YonXC3D\YonXC3D.vcproj", "{30A0D811-B39B-46C3-A7C5-914372F4887C}"
	ProjectSection(ProjectDependencies) = postProject
		{06BDAD58-392F-4E42-934E-17F9240080D8} = {06BDAD58-392F-4E42-934E-17F9240080D8}
	EndProjectSection
EndProject
Project("{8BC9CEB8-8B4A-11D0-8D11-00A0C91BC942}") = "dae2y3d", "dae2y3d\dae2y3d.vcproj", "{33348559-ABE5-4586-AA15-DA920A7829BA}"
EndProject
Project("{8BC9CEB8-8B4A-11D0-8D11-00A0C91BC942}") = "YonTCP", "YonTCP\YonTCP.vcproj", "{035A420F-3F0B-4EED-AB27-28C9E6165E6C}"
	ProjectSection(ProjectDependencies) = postProject
		{06BDAD58-392F-4E42-934E-17F9240080D8} = {06BDAD58-392F-4E42-934E-17F9240080D8}
	EndProjectSection
EndProject
Project("{8BC9CEB8-8B4A-11D0-8D11-00A0C91BC942}") = "YonLayerElement", "YonLayerElement\YonLayerElement.vcproj", "{56E66D63-723C-4D63-8618-96414BCC9B5C}"
	ProjectSection(ProjectDependencies) = postProject
		{06BDAD58-392F-4E42-934E-17F9240080D8} = {06BDAD58-392F-4E42-934E-17F9240080D8}
	EndProjectSection
EndProject
Project("{8BC9CEB8-8B4A-11D0-8D11-00A0C91BC942}") = "YonRTTPartial", "YonRTTPartial\YonRTTPartial.vcproj", "{857A4717-2930-4DBD-A8C1-5E31D07FE0C5}"
	ProjectSection(ProjectDependencies) = postProject
		{06BDAD58-392F-4E42-934E-17F9240080D8} = {06BDAD58-392F-4E42-934E-17F9240080D8}
	EndProjectSection
EndProject
Global
	GlobalSection(SolutionConfigurationPlatforms) = preSolution
		Debug|Win32 = Debug|Win32
		Release|Win32 = Release|Win32
	EndGlobalSection
	GlobalSection(ProjectConfigurationPlatforms) = postSolution
		{06BDAD58-392F-4E42-934E-17F9240080D8}.Debug|Win32.ActiveCfg = Debug|Win32
		{06BDAD58-392F-4E42-934E-17F9240080D8}.Debug|Win32.Build.0 = Debug|Win32
		{06BDAD58-392F-4E42-934E-17F9240080D8}.Release|Win32.ActiveCfg = Release|Win32
		{06BDAD58-392F-4E42-934E-17F9240080D8}.Release|Win32.Build.0 = Release|Win32
		{9471CB64-071D-484C-B8DE-2FB3CAE63B99}.Debug|Win32.ActiveCfg = Debug|Win32
		{9471CB64-071D-484C-B8DE-2FB3CAE63B99}.Debug|Win32.Build.0 = Debug|Win32
		{9471CB64-071D-484C-B8DE-2FB3CAE63B99}.Release|Win32.ActiveCfg = Release|Win32
		{9471CB64-071D-484C-B8DE-2FB3CAE63B99}.Release|Win32.Build.0 = Release|Win32
		{B53FDD35-4676-4137-AFBC-020AB0EB266E}.Debug|Win32.ActiveCfg = Debug|Win32
		{B53FDD35-4676-4137-AFBC-020AB0EB266E}.Debug|Win32.Build.0 = Debug|Win32
		{B53FDD35-4676-4137-AFBC-020AB0EB266E}.Release|Win32.ActiveCfg = Release|Win32
		{B53FDD35-4676-4137-AFBC-020AB0EB266E}.Release|Win32.Build.0 = Release|Win32
		{D02D7F00-A6B3-4EAE-BA2F-D2A7FF1553A9}.Debug|Win32.ActiveCfg = Debug|Win32
		{D02D7F00-A6B3-4EAE-BA2F-D2A7FF1553A9}.Debug|Win32.Build.0 = Debug|Win32
		{D02D7F00-A6B3-4EAE-BA2F-D2A7FF1553A9}.Release|Win32.ActiveCfg = Release|Win32
		{D02D7F00-A6B3-4EAE-BA2F-D2A7FF1553A9}.Release|Win32.Build.0 = Release|Win32
		{6CAAA19D-61FC-446B-8AF7-C5DE447BCE8C}.Debug|Win32.ActiveCfg = Debug|Win32
		{6CAAA19D-61FC-446B-8AF7-C5DE447BCE8C}.Debug|Win32.Build.0 = Debug|Win32
		{6CAAA19D-61FC-446B-8AF7-C5DE447BCE8C}.Release|Win32.ActiveCfg = Release|Win32
		{6CAAA19D-61FC-446B-8AF7-C5DE447BCE8C}.Release|Win32.Build.0 = Release|Win32
		{E92461EE-EC5D-4469-BB3A-2C2282CC03A4}.Debug|Win32.ActiveCfg = Debug|Win32
		{E92461EE-EC5D-4469-BB3A-2C2282CC03A4}.Debug|Win32.Build.0 = Debug|Win32
		{E92461EE-EC5D-4469-BB3A-2C2282CC03A4}.Release|Win32.ActiveCfg = Release|Win32
		{E92461EE-EC5D-4469-BB3A-2C2282CC03A4}.Release|Win32.Build.0 = Release|Win32
		{EAE7710E-AD1C-4B57-9F9D-0F8A60EDE31C}.Debug|Win32.ActiveCfg = Debug|Win32
		{EAE7710E-AD1C-4B57-9F9D-0F8A60EDE31C}.Debug|Win32.Build.0 = Debug|Win32
		{EAE7710E-AD1C-4B57-9F9D-0F8A60EDE31C}.Release|Win32.ActiveCfg = Release|Win32
		{EAE7710E-AD1C-4B57-9F9D-0F8A60EDE31C}.Release|Win32.Build.0 = Release|Win32
		{42A82283-7D98-47CF-85E9-B6206BB988CD}.Debug|Win32.ActiveCfg = Debug|Win32
		{42A82283-7D98-47CF-85E9-B6206BB988CD}.Debug|Win32.Build.0 = Debug|Win32
		{42A82283-7D98-47CF-85E9-B6206BB988CD}.Release|Win32.ActiveCfg = Release|Win32
		{42A82283-7D98-47CF-85E9-B6206BB988CD}.Release|Win32.Build.0 = Release|Win32
		{A728A158-E774-486C-95B9-1BDF9C215E28}.Debug|Win32.ActiveCfg = Debug|Win32
		{A728A158-E774-486C-95B9-1BDF9C215E28}.Debug|Win32.Build.0 = Debug|Win32
		{A728A158-E774-486C-95B9-1BDF9C215E28}.Release|Win32.ActiveCfg = Release|Win32
		{A728A158-E774-486C-95B9-1BDF9C215E28}.Release|Win32.Build.0 = Release|Win32
		{F765934B-0F3C-4DF3-9B02-E9C5B1DA9594}.Debug|Win32.ActiveCfg = Debug|Win32
		{F765934B-0F3C-4DF3-9B02-E9C5B1DA9594}.Debug|Win32.Build.0 = Debug|Win32
		{F765934B-0F3C-4DF3-9B02-E9C5B1DA9594}.Release|Win32.ActiveCfg = Release|Win32
		{F765934B-0F3C-4DF3-9B02-E9C5B1DA9594}.Release|Win32.Build.0 = Release|Win32
		{BE19D173-580C-47CE-9E4D-5813869689B0}.Debug|Win32.ActiveCfg = Debug|Win32
		{BE19D173-580C-47CE-9E4D-5813869689B0}.Debug|Win32.Build.0 = Debug|Win32
		{BE19D173-580C-47CE-9E4D-5813869689B0}.Release|Win32.ActiveCfg = Release|Win32
		{BE19D173-580C-47CE-9E4D-5813869689B0}.Release|Win32.Build.0 = Release|Win32
		{67F25469-DDEB-43DD-947B-D79DB7092AAF}.Debug|Win32.ActiveCfg = Debug|Win32
		{67F25469-DDEB-43DD-947B-D79DB7092AAF}.Debug|Win32.Build.0 = Debug|Win32
		{67F25469-DDEB-43DD-947B-D79DB7092AAF}.Release|Win32.ActiveCfg = Release|Win32
		{67F25469-DDEB-43DD-947B-D79DB7092AAF}.Release|Win32.Build.0 = Release|Win32
		{C327A5C8-7F19-4366-B518-184A3EEDC2C7}.Debug|Win32.ActiveCfg = Debug|Win32
		{C327A5C8-7F19-4366-B518-184A3EEDC2C7}.Debug|Win32.Build.0 = Debug|Win32
		{C327A5C8-7F19-4366-B518-184A3EEDC2C7}.Release|Win32.ActiveCfg = Release|Win32
		{C327A5C8-7F19-4366-B518-184A3EEDC2C7}.Release|Win32.Build.0 = Release|Win32
		{E7EFF892-AC04-442E-8D2D-73BFC5A01520}.Debug|Win32.ActiveCfg = Debug|Win32
		{E7EFF892-AC04-442E-8D2D-73BFC5A01520}.Debug|Win32.Build.0 = Debug|Win32
		{E7EFF892-AC04-442E-8D2D-73BFC5A01520}.Release|Win32.ActiveCfg = Release|Win32
		{E7EFF892-AC04-442E-8D2D-73BFC5A01520}.Release|Win32.Build.0 = Release|Win32
		{27E45365-58CB-4608-8A83-5F3D9EAC21C9}.Debug|Win32.ActiveCfg = Debug|Win32
		{27E45365-58CB-4608-8A83-5F3D9EAC21C9}.Debug|Win32.Build.0 = Debug|Win32
		{27E45365-58CB-4608-8A83-5F3D9EAC21C9}.Release|Win32.ActiveCfg = Release|Win32
		{27E45365-58CB-4608-8A83-5F3D9EAC21C9}.Release|Win32.Build.0 = Release|Win32
		{1996CAC0-C498-45EE-AC9A-CEDE42624955}.Debug|Win32.ActiveCfg = Debug|Win32
		{1996CAC0-C498-45EE-AC9A-CEDE42624955}.Debug|Win32.Build.0 = Debug|Win32
		{1996CAC0-C498-45EE-AC9A-CEDE42624955}.Release|Win32.ActiveCfg = Release|Win32
		{1996CAC0-C498-45EE-AC9A-CEDE42624955}.Release|Win32.Build.0 = Release|Win32
		{7FD5B1B1-D672-48F5-81A4-40DD17871BE7}.Debug|Win32.ActiveCfg = Debug|Win32
		{7FD5B1B1-D672-48F5-81A4-40DD17871BE7}.Debug|Win32.Build.0 = Debug|Win32
		{7FD5B1B1-D672-48F5-81A4-40DD17871BE7}.Release|Win32.ActiveCfg = Release|Win32
		{7FD5B1B1-D672-48F5-81A4-40DD17871BE7}.Release|Win32.Build.0 = Release|Win32
		{B311E303-4EF8-41F3-98B5-FA179BDC61BD}.Debug|Win32.ActiveCfg = Debug|Win32
		{B311E303-4EF8-41F3-98B5-FA179BDC61BD}.Debug|Win32.Build.0 = Debug|Win32
		{B311E303-4EF8-41F3-98B5-FA179BDC61BD}.Release|Win32.ActiveCfg = Release|Win32
		{B311E303-4EF8-41F3-98B5-FA179BDC61BD}.Release|Win32.Build.0 = Release|Win32
		{77CE8D86-B5EC-40CF-B6B2-2595F90067AF}.Debug|Win32.ActiveCfg = Debug|Win32
		{77CE8D86-B5EC-40CF-B6B2-2595F90067AF}.Debug|Win32.Build.0 = Debug|Win32
		{77CE8D86-B5EC-40CF-B6B2-2595F90067AF}.Release|Win32.ActiveCfg = Release|Win32
		{77CE8D86-B5EC-40CF-B6B2-2595F90067AF}.Release|Win32.Build.0 = Release|Win32
		{C9E89229-4D85-483F-B044-0D5E7674559E}.Debug|Win32.ActiveCfg = Debug|Win32
		{C9E89229-4D85-483F-B044-0D5E7674559E}.Debug|Win32.Build.0 = Debug|Win32
		{C9E89229-4D85-483F-B044-0D5E7674559E}.Release|Win32.ActiveCfg = Release|Win32
		{C9E89229-4D85-483F-B044-0D5E7674559E}.Release|Win32.Build.0 = Release|Win32
		{6272C7EE-7C29-417E-B7CE-5F956DC8B752}.Debug|Win32.ActiveCfg = Debug|Win32
		{6272C7EE-7C29-417E-B7CE-5F956DC8B752}.Debug|Win32.Build.0 = Debug|Win32
		{6272C7EE-7C29-417E-B7CE-5F956DC8B752}.Release|Win32.ActiveCfg = Release|Win32
		{6272C7EE-7C29-417E-B7CE-5F956DC8B752}.Release|Win32.Build.0 = Release|Win32
		{F63F0B7A-AB7C-44EC-874D-A385DB09C926}.Debug|Win32.ActiveCfg = Debug|Win32
		{F63F0B7A-AB7C-44EC-874D-A385DB09C926}.Debug|Win32.Build.0 = Debug|Win32
		{F63F0B7A-AB7C-44EC-874D-A385DB09C926}.Release|Win32.ActiveCfg = Release|Win32
		{F63F0B7A-AB7C-44EC-874D-A385DB09C926}.Release|Win32.Build.0 = Release|Win32
		{B506DD4C-EF30-4404-8BDB-3A0102C0B350}.Debug|Win32.ActiveCfg = Debug|Win32
		{B506DD4C-EF30-4404-8BDB-3A0102C0B350}.Debug|Win32.Build.0 = Debug|Win32
		{B506DD4C-EF30-4404-8BDB-3A0102C0B350}.Release|Win32.ActiveCfg = Release|Win32
		{B506DD4C-EF30-4404-8BDB-3A0102C0B350}.Release|Win32.Build.0 = Release|Win32
		{FA095739-6CCD-452C-B4A7-D8A35E903BA3}.Debug|Win32.ActiveCfg = Debug|Win32
		{FA095739-6CCD-452C-B4A7-D8A35E903BA3}.Debug|Win32.Build.0 = Debug|Win32
		{FA095739-6CCD-452C-B4A7-D8A35E903BA3}.Release|Win32.ActiveCfg = Release|Win32
		{FA095739-6CCD-452C-B4A7-D8A35E903BA3}.Release|Win32.Build.0 = Release|Win32
		{ED8F21E3-BE28-4197-86C2-D51B2E770D85}.Debug|Win32.ActiveCfg = Debug|Win32
		{ED8F21E3-BE28-4197-86C2-D51B2E770D85}.Debug|Win32.Build.0 = Debug|Win32
		{ED8F21E3-BE28-4197-86C2-D51B2E770D85}.Release|Win32.ActiveCfg = Release|Win32
		{ED8F21E3-BE28-4197-86C2-D51B2E770D85}.Release|Win32.Build.0 = Release|Win32
		{D17F8147-9CE6-40F9-B39A-84E1E8CDA3BD}.Debug|Win32.ActiveCfg = Debug|Win32
		{D17F8147-9CE6-40F9-B39A-84E1E8CDA3BD}.Debug|Win32.Build.0 = Debug|Win32
		{D17F8147-9CE6-40F9-B39A-84E1E8CDA3BD}.Release|Win32.ActiveCfg = Release|Win32
		{D17F8147-9CE6-40F9-B39A-84E1E8CDA3BD}.Release|Win32.Build.0 = Release|Win32
		{5CDE9067-8158-458C-87D9-C40820F122C5}.Debug|Win32.ActiveCfg = Debug|Win32
		{5CDE9067-8158-458C-87D9-C40820F122C5}.Debug|Win32.Build.0 = Debug|Win32
		{5CDE9067-8158-458C-87D9-C40820F122C5}.Release|Win32.ActiveCfg = Release|Win32
		{5CDE9067-8158-458C-87D9-C40820F122C5}.Release|Win32.Build.0 = Release|Win32
		{2A44DDCE-EA43-460C-A239-FBB4586A2CBF}.Debug|Win32.ActiveCfg = Debug|Win32
		{2A44DDCE-EA43-460C-A239-FBB4586A2CBF}.Debug|Win32.Build.0 = Debug|Win32
		{2A44DDCE-EA43-460C-A239-FBB4586A2CBF}.Release|Win32.ActiveCfg = Release|Win32
		{2A44DDCE-EA43-460C-A239-FBB4586A2CBF}.Release|Win32.Build.0 = Release|Win32
		{7C5C7647-8F80-470E-8BD9-B251F930A7C9}.Debug|Win32.ActiveCfg = Debug|Win32
		{7C5C7647-8F80-470E-8BD9-B251F930A7C9}.Debug|Win32.Build.0 = Debug|Win32
		{7C5C7647-8F80-470E-8BD9-B251F930A7C9}.Release|Win32.ActiveCfg = Release|Win32
		{7C5C7647-8F80-470E-8BD9-B251F930A7C9}.Release|Win32.Build.0 = Release|Win32
		{A0D4D11A-145C-4DA8-8E94-C544E8C992E1}.Debug|Win32.ActiveCfg = Debug|Win32
		{A0D4D11A-145C-4DA8-8E94-C544E8C992E1}.Debug|Win32.Build.0 = Debug|Win32
		{A0D4D11A-145C-4DA8-8E94-C544E8C992E1}.Release|Win32.ActiveCfg = Release|Win32
		{A0D4D11A-145C-4DA8-8E94-C544E8C992E1}.Release|Win32.Build.0 = Release|Win32
		{20ABE066-C927-4D1D-87F8-6102ED4267F6}.Debug|Win32.ActiveCfg = Debug|Win32
		{20ABE066-C927-4D1D-87F8-6102ED4267F6}.Debug|Win32.Build.0 = Debug|Win32
		{20ABE066-C927-4D1D-87F8-6102ED4267F6}.Release|Win32.ActiveCfg = Release|Win32
		{20ABE066-C927-4D1D-87F8-6102ED4267F6}.Release|Win32.Build.0 = Release|Win32
		{BD29ADE6-97AA-41FB-BF74-F2FB12B5871D}.Debug|Win32.ActiveCfg = Debug|Win32
		{BD29ADE6-97AA-41FB-BF74-F2FB12B5871D}.Debug|Win32.Build.0 = Debug|Win32
		{BD29ADE6-97AA-41FB-BF74-F2FB12B5871D}.Release|Win32.ActiveCfg = Release|Win32
		{BD29ADE6-97AA-41FB-BF74-F2FB12B5871D}.Release|Win32.Build.0 = Release|Win32
		{F4C1609D-7B26-4990-AEFA-981A99CF659C}.Debug|Win32.ActiveCfg = Debug|Win32
		{F4C1609D-7B26-4990-AEFA-981A99CF659C}.Debug|Win32.Build.0 = Debug|Win32
		{F4C1609D-7B26-4990-AEFA-981A99CF659C}.Release|Win32.ActiveCfg = Release|Win32
		{F4C1609D-7B26-4990-AEFA-981A99CF659C}.Release|Win32.Build.0 = Release|Win32
		{2C125EE0-B7CE-48A1-9697-03FDCCDFE7C7}.Debug|Win32.ActiveCfg = Debug|Win32
		{2C125EE0-B7CE-48A1-9697-03FDCCDFE7C7}.Debug|Win32.Build.0 = Debug|Win32
		{2C125EE0-B7CE-48A1-9697-03FDCCDFE7C7}.Release|Win32.ActiveCfg = Release|Win32
		{2C125EE0-B7CE-48A1-9697-03FDCCDFE7C7}.Release|Win32.Build.0 = Release|Win32
		{23780E55-853F-4E0F-B5E9-2D3B48DE01F0}.Debug|Win32.ActiveCfg = Debug|Win32
		{23780E55-853F-4E0F-B5E9-2D3B48DE01F0}.Debug|Win32.Build.0 = Debug|Win32
		{23780E55-853F-4E0F-B5E9-2D3B48DE01F0}.Release|Win32.ActiveCfg = Release|Win32
		{23780E55-853F-4E0F-B5E9-2D3B48DE01F0}.Release|Win32.Build.0 = Release|Win32
		{42CF811B-AAFE-4120-B6C2-BD78D9D978D0}.Debug|Win32.ActiveCfg = Debug|Win32
		{42CF811B-AAFE-4120-B6C2-BD78D9D978D0}.Debug|Win32.Build.0 = Debug|Win32
		{42CF811B-AAFE-4120-B6C2-BD78D9D978D0}.Release|Win32.ActiveCfg = Release|Win32
		{42CF811B-AAFE-4120-B6C2-BD78D9D978D0}.Release|Win32.Build.0 = Release|Win32
		{C4BEF963-F945-4F59-97B5-AEA4DDB418D2}.Debug|Win32.ActiveCfg = Debug|Win32
		{C4BEF963-F945-4F59-97B5-AEA4DDB418D2}.Debug|Win32.Build.0 = Debug|Win32
		{C4BEF963-F945-4F59-97B5-AEA4DDB418D2}.Release|Win32.ActiveCfg = Release|Win32
		{C4BEF963-F945-4F59-97B5-AEA4DDB418D2}.Release|Win32.Build.0 = Release|Win32
		{9B5F1D74-459E-4EA4-B8E0-FE3051B1C1B4}.Debug|Win32.ActiveCfg = Debug|Win32
		{9B5F1D74-459E-4EA4-B8E0-FE3051B1C1B4}.Debug|Win32.Build.0 = Debug|Win32
		{9B5F1D74-459E-4EA4-B8E0-FE3051B1C1B4}.Release|Win32.ActiveCfg = Release|Win32
		{9B5F1D74-459E-4EA4-B8E0-FE3051B1C1B4}.Release|Win32.Build.0 = Release|Win32
		{8062E966-5115-4FC0-ACDC-0CE1BD1B0AA5}.Debug|Win32.ActiveCfg = Debug|Win32
		{8062E966-5115-4FC0-ACDC-0CE1BD1B0AA5}.Debug|Win32.Build.0 = Debug|Win32
		{8062E966-5115-4FC0-ACDC-0CE1BD1B0AA5}.Release|Win32.ActiveCfg = Release|Win32
		{8062E966-5115-4FC0-ACDC-0CE1BD1B0AA5}.Release|Win32.Build.0 = Release|Win32
		{A4859462-1072-4FC8-9E6E-FD53FBE13AD0}.Debug|Win32.ActiveCfg = Debug|Win32
		{A4859462-1072-4FC8-9E6E-FD53FBE13AD0}.Debug|Win32.Build.0 = Debug|Win32
		{A4859462-1072-4FC8-9E6E-FD53FBE13AD0}.Release|Win32.ActiveCfg = Release|Win32
		{A4859462-1072-4FC8-9E6E-FD53FBE13AD0}.Release|Win32.Build.0 = Release|Win32
		{BED7FD02-E98C-4B1C-8B41-C0FD4006E4C9}.Debug|Win32.ActiveCfg = Debug|Win32
		{BED7FD02-E98C-4B1C-8B41-C0FD4006E4C9}.Debug|Win32.Build.0 = Debug|Win32
		{BED7FD02-E98C-4B1C-8B41-C0FD4006E4C9}.Release|Win32.ActiveCfg = Release|Win32
		{BED7FD02-E98C-4B1C-8B41-C0FD4006E4C9}.Release|Win32.Build.0 = Release|Win32
		{61008592-E0EA-4075-A1DB-57FA2EF2AD07}.Debug|Win32.ActiveCfg = Debug|Win32
		{61008592-E0EA-4075-A1DB-57FA2EF2AD07}.Debug|Win32.Build.0 = Debug|Win32
		{61008592-E0EA-4075-A1DB-57FA2EF2AD07}.Release|Win32.ActiveCfg = Release|Win32
		{61008592-E0EA-4075-A1DB-57FA2EF2AD07}.Release|Win32.Build.0 = Release|Win32
		{C089EF1A-D8DC-4F11-8B34-DAAD1E1ABB13}.Debug|Win32.ActiveCfg = Debug|Win32
		{C089EF1A-D8DC-4F11-8B34-DAAD1E1ABB13}.Debug|Win32.Build.0 = Debug|Win32
		{C089EF1A-D8DC-4F11-8B34-DAAD1E1ABB13}.Release|Win32.ActiveCfg = Release|Win32
		{C089EF1A-D8DC-4F11-8B34-DAAD1E1ABB13}.Release|Win32.Build.0 = Release|Win32
		{5B891D11-9A56-435E-B25D-0719BB3B0376}.Debug|Win32.ActiveCfg = Debug|Win32
		{5B891D11-9A56-435E-B25D-0719BB3B0376}.Debug|Win32.Build.0 = Debug|Win32
		{5B891D11-9A56-435E-B25D-0719BB3B0376}.Release|Win32.ActiveCfg = Release|Win32
		{5B891D11-9A56-435E-B25D-0719BB3B0376}.Release|Win32.Build.0 = Release|Win32
		{C839D9B7-3B26-4282-8D51-C461D72AE382}.Debug|Win32.ActiveCfg = Debug|Win32
		{C839D9B7-3B26-4282-8D51-C461D72AE382}.Debug|Win32.Build.0 = Debug|Win32
		{C839D9B7-3B26-4282-8D51-C461D72AE382}.Release|Win32.ActiveCfg = Release|Win32
		{C839D9B7-3B26-4282-8D51-C461D72AE382}.Release|Win32.Build.0 = Release|Win32
		{30A0D811-B39B-46C3-A7C5-914372F4887C}.Debug|Win32.ActiveCfg = Debug|Win32
		{30A0D811-B39B-46C3-A7C5-914372F4887C}.Debug|Win32.Build.0 = Debug|Win32
		{30A0D811-B39B-46C3-A7C5-914372F4887C}.Release|Win32.ActiveCfg = Release|Win32
		{30A0D811-B39B-46C3-A7C5-914372F4887C}.Release|Win32.Build.0 = Release|Win32
		{33348559-ABE5-4586-AA15-DA920A7829BA}.Debug|Win32.ActiveCfg = Debug|Win32
		{33348559-ABE5-4586-AA15-DA920A7829BA}.Debug|Win32.Build.0 = Debug|Win32
		{33348559-ABE5-4586-AA15-DA920A7829BA}.Release|Win32.ActiveCfg = Release|Win32
		{33348559-ABE5-4586-AA15-DA920A7829BA}.Release|Win32.Build.0 = Release|Win32
		{035A420F-3F0B-4EED-AB27-28C9E6165E6C}.Debug|Win32.ActiveCfg = Debug|Win32
		{035A420F-3F0B-4EED-AB27-28C9E6165E6C}.Debug|Win32.Build.0 = Debug|Win32
		{035A420F-3F0B-4EED-AB27-28C9E6165E6C}.Release|Win32.ActiveCfg = Release|Win32
		{035A420F-3F0B-4EED-AB27-28C9E6165E6C}.Release|Win32.Build.0 = Release|Win32
		{56E66D63-723C-4D63-8618-96414BCC9B5C}.Debug|Win32.ActiveCfg = Debug|Win32
		{56E66D63-723C-4D63-8618-96414BCC9B5C}.Debug|Win32.Build.0 = Debug|Win32
		{56E66D63-723C-4D63-8618-96414BCC9B5C}.Release|Win32.ActiveCfg = Release|Win32
		{56E66D63-723C-4D63-8618-96414BCC9B5C}.Release|Win32.Build.0 = Release|Win32
		{857A4717-2930-4DBD-A8C1-5E31D07FE0C5}.Debug|Win32.ActiveCfg = Debug|Win32
		{857A4717-2930-4DBD-A8C1-5E31D07FE0C5}.Debug|Win32.Build.0 = Debug|Win32
		{857A4717-2930-4DBD-A8C1-5E31D07FE0C5}.Release|Win32.ActiveCfg = Release|Win32
		{857A4717-2930-4DBD-A8C1-5E31D07FE0C5}.Release|Win32.Build.0 = Release|Win32
	EndGlobalSection
	GlobalSection(SolutionProperties) = preSolution
		HideSolutionNode = FALSE
	EndGlobalSection
EndGlobal
