
Microsoft Visual Studio Solution File, Format Version 10.00
# Visual Studio 2008
Project("{8BC9CEB8-8B4A-11D0-8D11-00A0C91BC942}") = "GaussBlur", "GaussBlur\GaussBlur.vcproj", "{D55257F1-1ADB-4C58-94C6-7C01040C4989}"
EndProject
Project("{8BC9CEB8-8B4A-11D0-8D11-00A0C91BC942}") = "DLLDemo", "DLLDemo\DLLDemo.vcproj", "{2451D7CE-45E9-4554-A8F4-9C829A3D440F}"
EndProject
Project("{8BC9CEB8-8B4A-11D0-8D11-00A0C91BC942}") = "TestDLL", "TestDLL\TestDLL.vcproj", "{A241159A-09C3-475D-8240-860C5890FCA5}"
	ProjectSection(ProjectDependencies) = postProject
		{2451D7CE-45E9-4554-A8F4-9C829A3D440F} = {2451D7CE-45E9-4554-A8F4-9C829A3D440F}
	EndProjectSection
EndProject
Project("{8BC9CEB8-8B4A-11D0-8D11-00A0C91BC942}") = "logdemo", "logdemo\logdemo.vcproj", "{64690E21-44FD-4626-AF12-9FAF95F6F796}"
EndProject
Project("{8BC9CEB8-8B4A-11D0-8D11-00A0C91BC942}") = "MultiThreadGL", "MultiThreadGL\MultiThreadGL.vcproj", "{77E95DBF-84F7-4DE2-9468-A7CD375A61D0}"
EndProject
Project("{8BC9CEB8-8B4A-11D0-8D11-00A0C91BC942}") = "virtualInDerived", "virtualInDerived\virtualInDerived.vcproj", "{F277D8F8-CBD3-406D-8B61-81E3203D5D77}"
EndProject
Project("{8BC9CEB8-8B4A-11D0-8D11-00A0C91BC942}") = "demo", "demo\demo.vcproj", "{7839C818-2A20-4A86-BA98-D7CB22CCDAD9}"
EndProject
Project("{8BC9CEB8-8B4A-11D0-8D11-00A0C91BC942}") = "MultiThread", "MultiThread\MultiThread.vcproj", "{DB6BDBE9-6579-480F-A4C9-59EE61744A77}"
EndProject
Project("{8BC9CEB8-8B4A-11D0-8D11-00A0C91BC942}") = "Test", "Test\Test.vcproj", "{337A44CF-2B1D-4929-B346-AFC1C0A0C2FC}"
EndProject
Project("{8BC9CEB8-8B4A-11D0-8D11-00A0C91BC942}") = "TemplateInherit", "TemplateInherit\TemplateInherit.vcproj", "{D5B082B2-6B1E-4EC2-B109-AA9BF7E8F65F}"
EndProject
Project("{8BC9CEB8-8B4A-11D0-8D11-00A0C91BC942}") = "VirtualCall", "VirtualCall\VirtualCall.vcproj", "{D17E9C87-9617-46CD-9CB2-158009A7DA90}"
EndProject
Project("{8BC9CEB8-8B4A-11D0-8D11-00A0C91BC942}") = "visitProtected", "visitProtected\visitProtected.vcproj", "{80199381-04A6-4416-9E4B-6B8CE6084B12}"
EndProject
Project("{8BC9CEB8-8B4A-11D0-8D11-00A0C91BC942}") = "stlportIntegrate", "stlportIntegrate\stlportIntegrate.vcproj", "{E200996D-0B95-4455-B3A9-19016FDBD7C4}"
EndProject
Project("{8BC9CEB8-8B4A-11D0-8D11-00A0C91BC942}") = "oggdemo", "oggdemo\oggdemo.vcproj", "{D01CFFCF-CE6B-4622-BD6F-3EF5DA53D3EA}"
EndProject
Project("{8BC9CEB8-8B4A-11D0-8D11-00A0C91BC942}") = "SoundDemo", "SoundDemo\SoundDemo.vcproj", "{CBB7F3E9-B30E-4A37-B7D1-451184288D59}"
EndProject
Project("{8BC9CEB8-8B4A-11D0-8D11-00A0C91BC942}") = "mask", "mask\mask.vcproj", "{364BB7E8-CE51-4308-B213-88D7108752E2}"
EndProject
Project("{8BC9CEB8-8B4A-11D0-8D11-00A0C91BC942}") = "TemplateCall", "TemplateCall\TemplateCall.vcproj", "{F94C3918-0F9B-4D8A-9CFE-0EB6BAA4B3EE}"
EndProject
Project("{8BC9CEB8-8B4A-11D0-8D11-00A0C91BC942}") = "ChangeValueByPointer", "ChangeValueByPointer\ChangeValueByPointer.vcproj", "{3A40D3D8-8D82-497E-9C4E-41854ADF8EFE}"
EndProject
Project("{8BC9CEB8-8B4A-11D0-8D11-00A0C91BC942}") = "objectpool", "objectpool\objectpool.vcproj", "{431168B4-7B4C-448D-8AB0-4E5135EA189C}"
EndProject
Project("{8BC9CEB8-8B4A-11D0-8D11-00A0C91BC942}") = "PropertyChangingNotify", "PropertyChangingNotify\PropertyChangingNotify.vcproj", "{FB4B28F6-B16E-4B5F-8144-2B6F7D423A3E}"
EndProject
Project("{8BC9CEB8-8B4A-11D0-8D11-00A0C91BC942}") = "pointerAssignment", "pointerAssignment\pointerAssignment.vcproj", "{A665C7F7-B891-48FA-A333-73FDE362585B}"
EndProject
Project("{8BC9CEB8-8B4A-11D0-8D11-00A0C91BC942}") = "atof", "atof\atof.vcproj", "{C4F15036-7B44-47DB-9FEC-E13EE5BA5A52}"
EndProject
Project("{8BC9CEB8-8B4A-11D0-8D11-00A0C91BC942}") = "virtualOveride", "virtualOveride\virtualOveride.vcproj", "{F082FDA9-CC62-43B7-8BAC-2DED420DAFDE}"
EndProject
Project("{8BC9CEB8-8B4A-11D0-8D11-00A0C91BC942}") = "maskset", "maskset\maskset.vcproj", "{76D93FF9-C121-4F77-9C88-10FAB7F6F780}"
EndProject
Project("{8BC9CEB8-8B4A-11D0-8D11-00A0C91BC942}") = "FormatSize", "FormatSize\FormatSize.vcproj", "{551CBE52-AED6-4D32-8AF4-B79E9E8A63EB}"
EndProject
Project("{8BC9CEB8-8B4A-11D0-8D11-00A0C91BC942}") = "delegate", "delegate\delegate.vcproj", "{980B1A4F-F83D-4022-8113-616FC3C63D7A}"
EndProject
Project("{8BC9CEB8-8B4A-11D0-8D11-00A0C91BC942}") = "Tri", "Tri\Tri.vcproj", "{808FB670-C0B6-4F58-A638-24FE2B2536BE}"
EndProject
Project("{8BC9CEB8-8B4A-11D0-8D11-00A0C91BC942}") = "SubWindow", "SubWindow\SubWindow.vcproj", "{26F81683-A618-4934-A5D1-4E7A2CC32A20}"
EndProject
Project("{8BC9CEB8-8B4A-11D0-8D11-00A0C91BC942}") = "Noise", "Noise\Noise.vcproj", "{E43CBF2D-D582-475C-9D5B-B160CDC54934}"
EndProject
Project("{8BC9CEB8-8B4A-11D0-8D11-00A0C91BC942}") = "Memoryleak", "Memoryleak\Memoryleak.vcproj", "{8CD17651-4CD8-4C7E-B8FE-37A5F4C95846}"
EndProject
Project("{8BC9CEB8-8B4A-11D0-8D11-00A0C91BC942}") = "Fastsqrt", "Fastsqrt\Fastsqrt.vcproj", "{A6C6BE54-73DE-46E0-8716-180057C14145}"
EndProject
Project("{8BC9CEB8-8B4A-11D0-8D11-00A0C91BC942}") = "BasicExcel", "BasicExcel\BasicExcel.vcproj", "{2A5C7C7A-AB59-4D25-9A24-AFAD2DCD6719}"
EndProject
Project("{8BC9CEB8-8B4A-11D0-8D11-00A0C91BC942}") = "sizeof", "sizeof\sizeof.vcproj", "{2DB1117D-247A-4D3A-B8EA-B4F75DE2D4D4}"
EndProject
Project("{8BC9CEB8-8B4A-11D0-8D11-00A0C91BC942}") = "RightZeroFill", "RightZeroFill\RightZeroFill.vcproj", "{9BC78D1F-FEA1-4CBD-87B5-C78070536C14}"
EndProject
Project("{8BC9CEB8-8B4A-11D0-8D11-00A0C91BC942}") = "strtol", "strtol\strtol.vcproj", "{8C36B692-F2A7-4A2E-A71D-F3327729B6ED}"
EndProject
Project("{8BC9CEB8-8B4A-11D0-8D11-00A0C91BC942}") = "SetUnhandledExceptionFilter", "SetUnhandledExceptionFilter\SetUnhandledExceptionFilter.vcproj", "{324F7BD4-5644-4023-AEE2-69AE5A5401BA}"
EndProject
Project("{8BC9CEB8-8B4A-11D0-8D11-00A0C91BC942}") = "libsigsegv-2.6-example", "libsigsegv-2.6-example\libsigsegv-2.6-example.vcproj", "{5614D27A-10B6-4DE9-98C5-A531BB6AEEB8}"
EndProject
Project("{8BC9CEB8-8B4A-11D0-8D11-00A0C91BC942}") = "encode", "encode\encode.vcproj", "{13DB0238-246C-4833-94F3-A0792D7F41D7}"
EndProject
Project("{8BC9CEB8-8B4A-11D0-8D11-00A0C91BC942}") = "singleton", "singleton\singleton.vcproj", "{59DCEE32-70AF-4892-BE7D-7AAC1C9370A7}"
EndProject
Project("{8BC9CEB8-8B4A-11D0-8D11-00A0C91BC942}") = "IconvLib-1.11.1", "iconv-1.11.1\IconvLib-1.11.1.vcproj", "{C6ECB691-7330-4C31-A9AD-E7C9459EAEF0}"
EndProject
Project("{8BC9CEB8-8B4A-11D0-8D11-00A0C91BC942}") = "IconvLib-1.11.1-Test", "IconvLib-1.11.1-Test\IconvLib-1.11.1-Test.vcproj", "{9C21FC44-422C-48AF-BBF7-8615BAA91AC6}"
	ProjectSection(ProjectDependencies) = postProject
		{C6ECB691-7330-4C31-A9AD-E7C9459EAEF0} = {C6ECB691-7330-4C31-A9AD-E7C9459EAEF0}
	EndProjectSection
EndProject
Project("{8BC9CEB8-8B4A-11D0-8D11-00A0C91BC942}") = "goto", "goto\goto.vcproj", "{441CF5FF-BB24-4205-8FBE-19CB68DB2540}"
EndProject
Project("{8BC9CEB8-8B4A-11D0-8D11-00A0C91BC942}") = "Socket", "Socket\Socket.vcproj", "{367BACDE-DECE-479A-B51F-4265B443A012}"
EndProject
Project("{8BC9CEB8-8B4A-11D0-8D11-00A0C91BC942}") = "CircleArray", "CircleArray\CircleArray.vcproj", "{67516264-BAC9-404A-ABAC-22F37C1EA895}"
EndProject
Project("{8BC9CEB8-8B4A-11D0-8D11-00A0C91BC942}") = "boostbind", "boostbind\boostbind.vcproj", "{CAE48FF2-6163-4FF5-A87C-9D36B4E1A4A5}"
EndProject
Project("{8BC9CEB8-8B4A-11D0-8D11-00A0C91BC942}") = "operator", "operator\operator.vcproj", "{26222266-7254-4B03-BC7C-A40A848F18E7}"
EndProject
Global
	GlobalSection(SolutionConfigurationPlatforms) = preSolution
		Debug|Win32 = Debug|Win32
		Release|Win32 = Release|Win32
	EndGlobalSection
	GlobalSection(ProjectConfigurationPlatforms) = postSolution
		{D55257F1-1ADB-4C58-94C6-7C01040C4989}.Debug|Win32.ActiveCfg = Debug|Win32
		{D55257F1-1ADB-4C58-94C6-7C01040C4989}.Debug|Win32.Build.0 = Debug|Win32
		{D55257F1-1ADB-4C58-94C6-7C01040C4989}.Release|Win32.ActiveCfg = Release|Win32
		{D55257F1-1ADB-4C58-94C6-7C01040C4989}.Release|Win32.Build.0 = Release|Win32
		{2451D7CE-45E9-4554-A8F4-9C829A3D440F}.Debug|Win32.ActiveCfg = Debug|Win32
		{2451D7CE-45E9-4554-A8F4-9C829A3D440F}.Debug|Win32.Build.0 = Debug|Win32
		{2451D7CE-45E9-4554-A8F4-9C829A3D440F}.Release|Win32.ActiveCfg = Release|Win32
		{2451D7CE-45E9-4554-A8F4-9C829A3D440F}.Release|Win32.Build.0 = Release|Win32
		{A241159A-09C3-475D-8240-860C5890FCA5}.Debug|Win32.ActiveCfg = Debug|Win32
		{A241159A-09C3-475D-8240-860C5890FCA5}.Debug|Win32.Build.0 = Debug|Win32
		{A241159A-09C3-475D-8240-860C5890FCA5}.Release|Win32.ActiveCfg = Release|Win32
		{A241159A-09C3-475D-8240-860C5890FCA5}.Release|Win32.Build.0 = Release|Win32
		{64690E21-44FD-4626-AF12-9FAF95F6F796}.Debug|Win32.ActiveCfg = Debug|Win32
		{64690E21-44FD-4626-AF12-9FAF95F6F796}.Debug|Win32.Build.0 = Debug|Win32
		{64690E21-44FD-4626-AF12-9FAF95F6F796}.Release|Win32.ActiveCfg = Release|Win32
		{64690E21-44FD-4626-AF12-9FAF95F6F796}.Release|Win32.Build.0 = Release|Win32
		{77E95DBF-84F7-4DE2-9468-A7CD375A61D0}.Debug|Win32.ActiveCfg = Debug|Win32
		{77E95DBF-84F7-4DE2-9468-A7CD375A61D0}.Debug|Win32.Build.0 = Debug|Win32
		{77E95DBF-84F7-4DE2-9468-A7CD375A61D0}.Release|Win32.ActiveCfg = Release|Win32
		{77E95DBF-84F7-4DE2-9468-A7CD375A61D0}.Release|Win32.Build.0 = Release|Win32
		{F277D8F8-CBD3-406D-8B61-81E3203D5D77}.Debug|Win32.ActiveCfg = Debug|Win32
		{F277D8F8-CBD3-406D-8B61-81E3203D5D77}.Debug|Win32.Build.0 = Debug|Win32
		{F277D8F8-CBD3-406D-8B61-81E3203D5D77}.Release|Win32.ActiveCfg = Release|Win32
		{F277D8F8-CBD3-406D-8B61-81E3203D5D77}.Release|Win32.Build.0 = Release|Win32
		{7839C818-2A20-4A86-BA98-D7CB22CCDAD9}.Debug|Win32.ActiveCfg = Debug|Win32
		{7839C818-2A20-4A86-BA98-D7CB22CCDAD9}.Debug|Win32.Build.0 = Debug|Win32
		{7839C818-2A20-4A86-BA98-D7CB22CCDAD9}.Release|Win32.ActiveCfg = Release|Win32
		{7839C818-2A20-4A86-BA98-D7CB22CCDAD9}.Release|Win32.Build.0 = Release|Win32
		{DB6BDBE9-6579-480F-A4C9-59EE61744A77}.Debug|Win32.ActiveCfg = Debug|Win32
		{DB6BDBE9-6579-480F-A4C9-59EE61744A77}.Debug|Win32.Build.0 = Debug|Win32
		{DB6BDBE9-6579-480F-A4C9-59EE61744A77}.Release|Win32.ActiveCfg = Release|Win32
		{DB6BDBE9-6579-480F-A4C9-59EE61744A77}.Release|Win32.Build.0 = Release|Win32
		{337A44CF-2B1D-4929-B346-AFC1C0A0C2FC}.Debug|Win32.ActiveCfg = Debug|Win32
		{337A44CF-2B1D-4929-B346-AFC1C0A0C2FC}.Debug|Win32.Build.0 = Debug|Win32
		{337A44CF-2B1D-4929-B346-AFC1C0A0C2FC}.Release|Win32.ActiveCfg = Release|Win32
		{337A44CF-2B1D-4929-B346-AFC1C0A0C2FC}.Release|Win32.Build.0 = Release|Win32
		{D5B082B2-6B1E-4EC2-B109-AA9BF7E8F65F}.Debug|Win32.ActiveCfg = Debug|Win32
		{D5B082B2-6B1E-4EC2-B109-AA9BF7E8F65F}.Debug|Win32.Build.0 = Debug|Win32
		{D5B082B2-6B1E-4EC2-B109-AA9BF7E8F65F}.Release|Win32.ActiveCfg = Release|Win32
		{D5B082B2-6B1E-4EC2-B109-AA9BF7E8F65F}.Release|Win32.Build.0 = Release|Win32
		{D17E9C87-9617-46CD-9CB2-158009A7DA90}.Debug|Win32.ActiveCfg = Debug|Win32
		{D17E9C87-9617-46CD-9CB2-158009A7DA90}.Debug|Win32.Build.0 = Debug|Win32
		{D17E9C87-9617-46CD-9CB2-158009A7DA90}.Release|Win32.ActiveCfg = Release|Win32
		{D17E9C87-9617-46CD-9CB2-158009A7DA90}.Release|Win32.Build.0 = Release|Win32
		{80199381-04A6-4416-9E4B-6B8CE6084B12}.Debug|Win32.ActiveCfg = Debug|Win32
		{80199381-04A6-4416-9E4B-6B8CE6084B12}.Debug|Win32.Build.0 = Debug|Win32
		{80199381-04A6-4416-9E4B-6B8CE6084B12}.Release|Win32.ActiveCfg = Release|Win32
		{80199381-04A6-4416-9E4B-6B8CE6084B12}.Release|Win32.Build.0 = Release|Win32
		{E200996D-0B95-4455-B3A9-19016FDBD7C4}.Debug|Win32.ActiveCfg = Debug|Win32
		{E200996D-0B95-4455-B3A9-19016FDBD7C4}.Debug|Win32.Build.0 = Debug|Win32
		{E200996D-0B95-4455-B3A9-19016FDBD7C4}.Release|Win32.ActiveCfg = Release|Win32
		{E200996D-0B95-4455-B3A9-19016FDBD7C4}.Release|Win32.Build.0 = Release|Win32
		{D01CFFCF-CE6B-4622-BD6F-3EF5DA53D3EA}.Debug|Win32.ActiveCfg = Debug|Win32
		{D01CFFCF-CE6B-4622-BD6F-3EF5DA53D3EA}.Debug|Win32.Build.0 = Debug|Win32
		{D01CFFCF-CE6B-4622-BD6F-3EF5DA53D3EA}.Release|Win32.ActiveCfg = Release|Win32
		{D01CFFCF-CE6B-4622-BD6F-3EF5DA53D3EA}.Release|Win32.Build.0 = Release|Win32
		{CBB7F3E9-B30E-4A37-B7D1-451184288D59}.Debug|Win32.ActiveCfg = Debug|Win32
		{CBB7F3E9-B30E-4A37-B7D1-451184288D59}.Debug|Win32.Build.0 = Debug|Win32
		{CBB7F3E9-B30E-4A37-B7D1-451184288D59}.Release|Win32.ActiveCfg = Release|Win32
		{CBB7F3E9-B30E-4A37-B7D1-451184288D59}.Release|Win32.Build.0 = Release|Win32
		{364BB7E8-CE51-4308-B213-88D7108752E2}.Debug|Win32.ActiveCfg = Debug|Win32
		{364BB7E8-CE51-4308-B213-88D7108752E2}.Debug|Win32.Build.0 = Debug|Win32
		{364BB7E8-CE51-4308-B213-88D7108752E2}.Release|Win32.ActiveCfg = Release|Win32
		{364BB7E8-CE51-4308-B213-88D7108752E2}.Release|Win32.Build.0 = Release|Win32
		{F94C3918-0F9B-4D8A-9CFE-0EB6BAA4B3EE}.Debug|Win32.ActiveCfg = Debug|Win32
		{F94C3918-0F9B-4D8A-9CFE-0EB6BAA4B3EE}.Debug|Win32.Build.0 = Debug|Win32
		{F94C3918-0F9B-4D8A-9CFE-0EB6BAA4B3EE}.Release|Win32.ActiveCfg = Release|Win32
		{F94C3918-0F9B-4D8A-9CFE-0EB6BAA4B3EE}.Release|Win32.Build.0 = Release|Win32
		{3A40D3D8-8D82-497E-9C4E-41854ADF8EFE}.Debug|Win32.ActiveCfg = Debug|Win32
		{3A40D3D8-8D82-497E-9C4E-41854ADF8EFE}.Debug|Win32.Build.0 = Debug|Win32
		{3A40D3D8-8D82-497E-9C4E-41854ADF8EFE}.Release|Win32.ActiveCfg = Release|Win32
		{3A40D3D8-8D82-497E-9C4E-41854ADF8EFE}.Release|Win32.Build.0 = Release|Win32
		{431168B4-7B4C-448D-8AB0-4E5135EA189C}.Debug|Win32.ActiveCfg = Debug|Win32
		{431168B4-7B4C-448D-8AB0-4E5135EA189C}.Debug|Win32.Build.0 = Debug|Win32
		{431168B4-7B4C-448D-8AB0-4E5135EA189C}.Release|Win32.ActiveCfg = Release|Win32
		{431168B4-7B4C-448D-8AB0-4E5135EA189C}.Release|Win32.Build.0 = Release|Win32
		{FB4B28F6-B16E-4B5F-8144-2B6F7D423A3E}.Debug|Win32.ActiveCfg = Debug|Win32
		{FB4B28F6-B16E-4B5F-8144-2B6F7D423A3E}.Debug|Win32.Build.0 = Debug|Win32
		{FB4B28F6-B16E-4B5F-8144-2B6F7D423A3E}.Release|Win32.ActiveCfg = Release|Win32
		{FB4B28F6-B16E-4B5F-8144-2B6F7D423A3E}.Release|Win32.Build.0 = Release|Win32
		{A665C7F7-B891-48FA-A333-73FDE362585B}.Debug|Win32.ActiveCfg = Debug|Win32
		{A665C7F7-B891-48FA-A333-73FDE362585B}.Debug|Win32.Build.0 = Debug|Win32
		{A665C7F7-B891-48FA-A333-73FDE362585B}.Release|Win32.ActiveCfg = Release|Win32
		{A665C7F7-B891-48FA-A333-73FDE362585B}.Release|Win32.Build.0 = Release|Win32
		{C4F15036-7B44-47DB-9FEC-E13EE5BA5A52}.Debug|Win32.ActiveCfg = Debug|Win32
		{C4F15036-7B44-47DB-9FEC-E13EE5BA5A52}.Debug|Win32.Build.0 = Debug|Win32
		{C4F15036-7B44-47DB-9FEC-E13EE5BA5A52}.Release|Win32.ActiveCfg = Release|Win32
		{C4F15036-7B44-47DB-9FEC-E13EE5BA5A52}.Release|Win32.Build.0 = Release|Win32
		{F082FDA9-CC62-43B7-8BAC-2DED420DAFDE}.Debug|Win32.ActiveCfg = Debug|Win32
		{F082FDA9-CC62-43B7-8BAC-2DED420DAFDE}.Debug|Win32.Build.0 = Debug|Win32
		{F082FDA9-CC62-43B7-8BAC-2DED420DAFDE}.Release|Win32.ActiveCfg = Release|Win32
		{F082FDA9-CC62-43B7-8BAC-2DED420DAFDE}.Release|Win32.Build.0 = Release|Win32
		{76D93FF9-C121-4F77-9C88-10FAB7F6F780}.Debug|Win32.ActiveCfg = Debug|Win32
		{76D93FF9-C121-4F77-9C88-10FAB7F6F780}.Debug|Win32.Build.0 = Debug|Win32
		{76D93FF9-C121-4F77-9C88-10FAB7F6F780}.Release|Win32.ActiveCfg = Release|Win32
		{76D93FF9-C121-4F77-9C88-10FAB7F6F780}.Release|Win32.Build.0 = Release|Win32
		{551CBE52-AED6-4D32-8AF4-B79E9E8A63EB}.Debug|Win32.ActiveCfg = Debug|Win32
		{551CBE52-AED6-4D32-8AF4-B79E9E8A63EB}.Debug|Win32.Build.0 = Debug|Win32
		{551CBE52-AED6-4D32-8AF4-B79E9E8A63EB}.Release|Win32.ActiveCfg = Release|Win32
		{551CBE52-AED6-4D32-8AF4-B79E9E8A63EB}.Release|Win32.Build.0 = Release|Win32
		{980B1A4F-F83D-4022-8113-616FC3C63D7A}.Debug|Win32.ActiveCfg = Debug|Win32
		{980B1A4F-F83D-4022-8113-616FC3C63D7A}.Debug|Win32.Build.0 = Debug|Win32
		{980B1A4F-F83D-4022-8113-616FC3C63D7A}.Release|Win32.ActiveCfg = Release|Win32
		{980B1A4F-F83D-4022-8113-616FC3C63D7A}.Release|Win32.Build.0 = Release|Win32
		{808FB670-C0B6-4F58-A638-24FE2B2536BE}.Debug|Win32.ActiveCfg = Debug|Win32
		{808FB670-C0B6-4F58-A638-24FE2B2536BE}.Debug|Win32.Build.0 = Debug|Win32
		{808FB670-C0B6-4F58-A638-24FE2B2536BE}.Release|Win32.ActiveCfg = Release|Win32
		{808FB670-C0B6-4F58-A638-24FE2B2536BE}.Release|Win32.Build.0 = Release|Win32
		{26F81683-A618-4934-A5D1-4E7A2CC32A20}.Debug|Win32.ActiveCfg = Debug|Win32
		{26F81683-A618-4934-A5D1-4E7A2CC32A20}.Debug|Win32.Build.0 = Debug|Win32
		{26F81683-A618-4934-A5D1-4E7A2CC32A20}.Release|Win32.ActiveCfg = Release|Win32
		{26F81683-A618-4934-A5D1-4E7A2CC32A20}.Release|Win32.Build.0 = Release|Win32
		{E43CBF2D-D582-475C-9D5B-B160CDC54934}.Debug|Win32.ActiveCfg = Debug|Win32
		{E43CBF2D-D582-475C-9D5B-B160CDC54934}.Debug|Win32.Build.0 = Debug|Win32
		{E43CBF2D-D582-475C-9D5B-B160CDC54934}.Release|Win32.ActiveCfg = Release|Win32
		{E43CBF2D-D582-475C-9D5B-B160CDC54934}.Release|Win32.Build.0 = Release|Win32
		{8CD17651-4CD8-4C7E-B8FE-37A5F4C95846}.Debug|Win32.ActiveCfg = Debug|Win32
		{8CD17651-4CD8-4C7E-B8FE-37A5F4C95846}.Debug|Win32.Build.0 = Debug|Win32
		{8CD17651-4CD8-4C7E-B8FE-37A5F4C95846}.Release|Win32.ActiveCfg = Release|Win32
		{8CD17651-4CD8-4C7E-B8FE-37A5F4C95846}.Release|Win32.Build.0 = Release|Win32
		{A6C6BE54-73DE-46E0-8716-180057C14145}.Debug|Win32.ActiveCfg = Debug|Win32
		{A6C6BE54-73DE-46E0-8716-180057C14145}.Debug|Win32.Build.0 = Debug|Win32
		{A6C6BE54-73DE-46E0-8716-180057C14145}.Release|Win32.ActiveCfg = Release|Win32
		{A6C6BE54-73DE-46E0-8716-180057C14145}.Release|Win32.Build.0 = Release|Win32
		{2A5C7C7A-AB59-4D25-9A24-AFAD2DCD6719}.Debug|Win32.ActiveCfg = Debug|Win32
		{2A5C7C7A-AB59-4D25-9A24-AFAD2DCD6719}.Debug|Win32.Build.0 = Debug|Win32
		{2A5C7C7A-AB59-4D25-9A24-AFAD2DCD6719}.Release|Win32.ActiveCfg = Release|Win32
		{2A5C7C7A-AB59-4D25-9A24-AFAD2DCD6719}.Release|Win32.Build.0 = Release|Win32
		{2DB1117D-247A-4D3A-B8EA-B4F75DE2D4D4}.Debug|Win32.ActiveCfg = Debug|Win32
		{2DB1117D-247A-4D3A-B8EA-B4F75DE2D4D4}.Debug|Win32.Build.0 = Debug|Win32
		{2DB1117D-247A-4D3A-B8EA-B4F75DE2D4D4}.Release|Win32.ActiveCfg = Release|Win32
		{2DB1117D-247A-4D3A-B8EA-B4F75DE2D4D4}.Release|Win32.Build.0 = Release|Win32
		{9BC78D1F-FEA1-4CBD-87B5-C78070536C14}.Debug|Win32.ActiveCfg = Debug|Win32
		{9BC78D1F-FEA1-4CBD-87B5-C78070536C14}.Debug|Win32.Build.0 = Debug|Win32
		{9BC78D1F-FEA1-4CBD-87B5-C78070536C14}.Release|Win32.ActiveCfg = Release|Win32
		{9BC78D1F-FEA1-4CBD-87B5-C78070536C14}.Release|Win32.Build.0 = Release|Win32
		{8C36B692-F2A7-4A2E-A71D-F3327729B6ED}.Debug|Win32.ActiveCfg = Debug|Win32
		{8C36B692-F2A7-4A2E-A71D-F3327729B6ED}.Debug|Win32.Build.0 = Debug|Win32
		{8C36B692-F2A7-4A2E-A71D-F3327729B6ED}.Release|Win32.ActiveCfg = Release|Win32
		{8C36B692-F2A7-4A2E-A71D-F3327729B6ED}.Release|Win32.Build.0 = Release|Win32
		{324F7BD4-5644-4023-AEE2-69AE5A5401BA}.Debug|Win32.ActiveCfg = Debug|Win32
		{324F7BD4-5644-4023-AEE2-69AE5A5401BA}.Debug|Win32.Build.0 = Debug|Win32
		{324F7BD4-5644-4023-AEE2-69AE5A5401BA}.Release|Win32.ActiveCfg = Release|Win32
		{324F7BD4-5644-4023-AEE2-69AE5A5401BA}.Release|Win32.Build.0 = Release|Win32
		{5614D27A-10B6-4DE9-98C5-A531BB6AEEB8}.Debug|Win32.ActiveCfg = Debug|Win32
		{5614D27A-10B6-4DE9-98C5-A531BB6AEEB8}.Debug|Win32.Build.0 = Debug|Win32
		{5614D27A-10B6-4DE9-98C5-A531BB6AEEB8}.Release|Win32.ActiveCfg = Release|Win32
		{5614D27A-10B6-4DE9-98C5-A531BB6AEEB8}.Release|Win32.Build.0 = Release|Win32
		{13DB0238-246C-4833-94F3-A0792D7F41D7}.Debug|Win32.ActiveCfg = Debug|Win32
		{13DB0238-246C-4833-94F3-A0792D7F41D7}.Debug|Win32.Build.0 = Debug|Win32
		{13DB0238-246C-4833-94F3-A0792D7F41D7}.Release|Win32.ActiveCfg = Release|Win32
		{13DB0238-246C-4833-94F3-A0792D7F41D7}.Release|Win32.Build.0 = Release|Win32
		{59DCEE32-70AF-4892-BE7D-7AAC1C9370A7}.Debug|Win32.ActiveCfg = Debug|Win32
		{59DCEE32-70AF-4892-BE7D-7AAC1C9370A7}.Debug|Win32.Build.0 = Debug|Win32
		{59DCEE32-70AF-4892-BE7D-7AAC1C9370A7}.Release|Win32.ActiveCfg = Release|Win32
		{59DCEE32-70AF-4892-BE7D-7AAC1C9370A7}.Release|Win32.Build.0 = Release|Win32
		{C6ECB691-7330-4C31-A9AD-E7C9459EAEF0}.Debug|Win32.ActiveCfg = Debug|Win32
		{C6ECB691-7330-4C31-A9AD-E7C9459EAEF0}.Debug|Win32.Build.0 = Debug|Win32
		{C6ECB691-7330-4C31-A9AD-E7C9459EAEF0}.Release|Win32.ActiveCfg = Release|Win32
		{C6ECB691-7330-4C31-A9AD-E7C9459EAEF0}.Release|Win32.Build.0 = Release|Win32
		{9C21FC44-422C-48AF-BBF7-8615BAA91AC6}.Debug|Win32.ActiveCfg = Debug|Win32
		{9C21FC44-422C-48AF-BBF7-8615BAA91AC6}.Debug|Win32.Build.0 = Debug|Win32
		{9C21FC44-422C-48AF-BBF7-8615BAA91AC6}.Release|Win32.ActiveCfg = Release|Win32
		{9C21FC44-422C-48AF-BBF7-8615BAA91AC6}.Release|Win32.Build.0 = Release|Win32
		{441CF5FF-BB24-4205-8FBE-19CB68DB2540}.Debug|Win32.ActiveCfg = Debug|Win32
		{441CF5FF-BB24-4205-8FBE-19CB68DB2540}.Debug|Win32.Build.0 = Debug|Win32
		{441CF5FF-BB24-4205-8FBE-19CB68DB2540}.Release|Win32.ActiveCfg = Release|Win32
		{441CF5FF-BB24-4205-8FBE-19CB68DB2540}.Release|Win32.Build.0 = Release|Win32
		{367BACDE-DECE-479A-B51F-4265B443A012}.Debug|Win32.ActiveCfg = Debug|Win32
		{367BACDE-DECE-479A-B51F-4265B443A012}.Debug|Win32.Build.0 = Debug|Win32
		{367BACDE-DECE-479A-B51F-4265B443A012}.Release|Win32.ActiveCfg = Release|Win32
		{367BACDE-DECE-479A-B51F-4265B443A012}.Release|Win32.Build.0 = Release|Win32
		{67516264-BAC9-404A-ABAC-22F37C1EA895}.Debug|Win32.ActiveCfg = Debug|Win32
		{67516264-BAC9-404A-ABAC-22F37C1EA895}.Debug|Win32.Build.0 = Debug|Win32
		{67516264-BAC9-404A-ABAC-22F37C1EA895}.Release|Win32.ActiveCfg = Release|Win32
		{67516264-BAC9-404A-ABAC-22F37C1EA895}.Release|Win32.Build.0 = Release|Win32
		{CAE48FF2-6163-4FF5-A87C-9D36B4E1A4A5}.Debug|Win32.ActiveCfg = Debug|Win32
		{CAE48FF2-6163-4FF5-A87C-9D36B4E1A4A5}.Debug|Win32.Build.0 = Debug|Win32
		{CAE48FF2-6163-4FF5-A87C-9D36B4E1A4A5}.Release|Win32.ActiveCfg = Release|Win32
		{CAE48FF2-6163-4FF5-A87C-9D36B4E1A4A5}.Release|Win32.Build.0 = Release|Win32
		{26222266-7254-4B03-BC7C-A40A848F18E7}.Debug|Win32.ActiveCfg = Debug|Win32
		{26222266-7254-4B03-BC7C-A40A848F18E7}.Debug|Win32.Build.0 = Debug|Win32
		{26222266-7254-4B03-BC7C-A40A848F18E7}.Release|Win32.ActiveCfg = Release|Win32
		{26222266-7254-4B03-BC7C-A40A848F18E7}.Release|Win32.Build.0 = Release|Win32
	EndGlobalSection
	GlobalSection(SolutionProperties) = preSolution
		HideSolutionNode = FALSE
	EndGlobalSection
EndGlobal
