
Microsoft Visual Studio Solution File, Format Version 10.00
# Visual Studio 2008
Project("{8BC9CEB8-8B4A-11D0-8D11-00A0C91BC942}") = "Yon", "Yon\Yon.vcproj", "{06BDAD58-392F-4E42-934E-17F9240080D8}"
EndProject
Project("{8BC9CEB8-8B4A-11D0-8D11-00A0C91BC942}") = "YonExample", "YonExample\YonExample.vcproj", "{9471CB64-071D-484C-B8DE-2FB3CAE63B99}"
	ProjectSection(ProjectDependencies) = postProject
		{06BDAD58-392F-4E42-934E-17F9240080D8} = {06BDAD58-392F-4E42-934E-17F9240080D8}
	EndProjectSection
EndProject
Project("{8BC9CEB8-8B4A-11D0-8D11-00A0C91BC942}") = "cppunit", "cppunit\cppunit.vcproj", "{B53FDD35-4676-4137-AFBC-020AB0EB266E}"
EndProject
Project("{8BC9CEB8-8B4A-11D0-8D11-00A0C91BC942}") = "YonTest", "YonTest\YonTest.vcproj", "{D02D7F00-A6B3-4EAE-BA2F-D2A7FF1553A9}"
	ProjectSection(ProjectDependencies) = postProject
		{B53FDD35-4676-4137-AFBC-020AB0EB266E} = {B53FDD35-4676-4137-AFBC-020AB0EB266E}
		{06BDAD58-392F-4E42-934E-17F9240080D8} = {06BDAD58-392F-4E42-934E-17F9240080D8}
	EndProjectSection
EndProject
Project("{8BC9CEB8-8B4A-11D0-8D11-00A0C91BC942}") = "YonExampleMFC", "YonExampleMFC\YonExampleMFC.vcproj", "{6BD5448F-556F-4969-9254-A90761DA8EEA}"
	ProjectSection(ProjectDependencies) = postProject
		{06BDAD58-392F-4E42-934E-17F9240080D8} = {06BDAD58-392F-4E42-934E-17F9240080D8}
	EndProjectSection
EndProject
Project("{8BC9CEB8-8B4A-11D0-8D11-00A0C91BC942}") = "YonExampleDlg", "YonExampleDlg\YonExampleDlg.vcproj", "{6CAAA19D-61FC-446B-8AF7-C5DE447BCE8C}"
	ProjectSection(ProjectDependencies) = postProject
		{06BDAD58-392F-4E42-934E-17F9240080D8} = {06BDAD58-392F-4E42-934E-17F9240080D8}
	EndProjectSection
EndProject
Global
	GlobalSection(SolutionConfigurationPlatforms) = preSolution
		Debug|Win32 = Debug|Win32
		Release|Win32 = Release|Win32
	EndGlobalSection
	GlobalSection(ProjectConfigurationPlatforms) = postSolution
		{06BDAD58-392F-4E42-934E-17F9240080D8}.Debug|Win32.ActiveCfg = Debug|Win32
		{06BDAD58-392F-4E42-934E-17F9240080D8}.Debug|Win32.Build.0 = Debug|Win32
		{06BDAD58-392F-4E42-934E-17F9240080D8}.Release|Win32.ActiveCfg = Release|Win32
		{06BDAD58-392F-4E42-934E-17F9240080D8}.Release|Win32.Build.0 = Release|Win32
		{9471CB64-071D-484C-B8DE-2FB3CAE63B99}.Debug|Win32.ActiveCfg = Debug|Win32
		{9471CB64-071D-484C-B8DE-2FB3CAE63B99}.Debug|Win32.Build.0 = Debug|Win32
		{9471CB64-071D-484C-B8DE-2FB3CAE63B99}.Release|Win32.ActiveCfg = Release|Win32
		{9471CB64-071D-484C-B8DE-2FB3CAE63B99}.Release|Win32.Build.0 = Release|Win32
		{B53FDD35-4676-4137-AFBC-020AB0EB266E}.Debug|Win32.ActiveCfg = Debug|Win32
		{B53FDD35-4676-4137-AFBC-020AB0EB266E}.Debug|Win32.Build.0 = Debug|Win32
		{B53FDD35-4676-4137-AFBC-020AB0EB266E}.Release|Win32.ActiveCfg = Release|Win32
		{B53FDD35-4676-4137-AFBC-020AB0EB266E}.Release|Win32.Build.0 = Release|Win32
		{D02D7F00-A6B3-4EAE-BA2F-D2A7FF1553A9}.Debug|Win32.ActiveCfg = Debug|Win32
		{D02D7F00-A6B3-4EAE-BA2F-D2A7FF1553A9}.Debug|Win32.Build.0 = Debug|Win32
		{D02D7F00-A6B3-4EAE-BA2F-D2A7FF1553A9}.Release|Win32.ActiveCfg = Release|Win32
		{D02D7F00-A6B3-4EAE-BA2F-D2A7FF1553A9}.Release|Win32.Build.0 = Release|Win32
		{6BD5448F-556F-4969-9254-A90761DA8EEA}.Debug|Win32.ActiveCfg = Debug|Win32
		{6BD5448F-556F-4969-9254-A90761DA8EEA}.Debug|Win32.Build.0 = Debug|Win32
		{6BD5448F-556F-4969-9254-A90761DA8EEA}.Release|Win32.ActiveCfg = Release|Win32
		{6BD5448F-556F-4969-9254-A90761DA8EEA}.Release|Win32.Build.0 = Release|Win32
		{6CAAA19D-61FC-446B-8AF7-C5DE447BCE8C}.Debug|Win32.ActiveCfg = Debug|Win32
		{6CAAA19D-61FC-446B-8AF7-C5DE447BCE8C}.Debug|Win32.Build.0 = Debug|Win32
		{6CAAA19D-61FC-446B-8AF7-C5DE447BCE8C}.Release|Win32.ActiveCfg = Release|Win32
		{6CAAA19D-61FC-446B-8AF7-C5DE447BCE8C}.Release|Win32.Build.0 = Release|Win32
	EndGlobalSection
	GlobalSection(SolutionProperties) = preSolution
		HideSolutionNode = FALSE
	EndGlobalSection
EndGlobal
