
Microsoft Visual Studio Solution File, Format Version 10.00
# Visual Studio 2008
Project("{8BC9CEB8-8B4A-11D0-8D11-00A0C91BC942}") = "Yon", "Yon\Yon.vcproj", "{06BDAD58-392F-4E42-934E-17F9240080D8}"
EndProject
Project("{8BC9CEB8-8B4A-11D0-8D11-00A0C91BC942}") = "YonExample", "YonExample\YonExample.vcproj", "{9471CB64-071D-484C-B8DE-2FB3CAE63B99}"
	ProjectSection(ProjectDependencies) = postProject
		{06BDAD58-392F-4E42-934E-17F9240080D8} = {06BDAD58-392F-4E42-934E-17F9240080D8}
	EndProjectSection
EndProject
Project("{8BC9CEB8-8B4A-11D0-8D11-00A0C91BC942}") = "cppunit", "cppunit\cppunit.vcproj", "{B53FDD35-4676-4137-AFBC-020AB0EB266E}"
EndProject
Project("{8BC9CEB8-8B4A-11D0-8D11-00A0C91BC942}") = "YonTest", "YonTest\YonTest.vcproj", "{D02D7F00-A6B3-4EAE-BA2F-D2A7FF1553A9}"
	ProjectSection(ProjectDependencies) = postProject
		{B53FDD35-4676-4137-AFBC-020AB0EB266E} = {B53FDD35-4676-4137-AFBC-020AB0EB266E}
		{06BDAD58-392F-4E42-934E-17F9240080D8} = {06BDAD58-392F-4E42-934E-17F9240080D8}
	EndProjectSection
EndProject
Project("{8BC9CEB8-8B4A-11D0-8D11-00A0C91BC942}") = "YonExampleDlg", "YonExampleDlg\YonExampleDlg.vcproj", "{6CAAA19D-61FC-446B-8AF7-C5DE447BCE8C}"
	ProjectSection(ProjectDependencies) = postProject
		{06BDAD58-392F-4E42-934E-17F9240080D8} = {06BDAD58-392F-4E42-934E-17F9240080D8}
	EndProjectSection
EndProject
Project("{8BC9CEB8-8B4A-11D0-8D11-00A0C91BC942}") = "YonExampleSDI", "YonExampleSDI\YonExampleSDI.vcproj", "{E92461EE-EC5D-4469-BB3A-2C2282CC03A4}"
	ProjectSection(ProjectDependencies) = postProject
		{06BDAD58-392F-4E42-934E-17F9240080D8} = {06BDAD58-392F-4E42-934E-17F9240080D8}
	EndProjectSection
EndProject
Project("{8BC9CEB8-8B4A-11D0-8D11-00A0C91BC942}") = "YonRTT", "YonRTT\YonRTT.vcproj", "{EAE7710E-AD1C-4B57-9F9D-0F8A60EDE31C}"
	ProjectSection(ProjectDependencies) = postProject
		{06BDAD58-392F-4E42-934E-17F9240080D8} = {06BDAD58-392F-4E42-934E-17F9240080D8}
	EndProjectSection
EndProject
Project("{8BC9CEB8-8B4A-11D0-8D11-00A0C91BC942}") = "YonGUI", "YonGUI\YonGUI.vcproj", "{42A82283-7D98-47CF-85E9-B6206BB988CD}"
	ProjectSection(ProjectDependencies) = postProject
		{F765934B-0F3C-4DF3-9B02-E9C5B1DA9594} = {F765934B-0F3C-4DF3-9B02-E9C5B1DA9594}
		{06BDAD58-392F-4E42-934E-17F9240080D8} = {06BDAD58-392F-4E42-934E-17F9240080D8}
		{67F25469-DDEB-43DD-947B-D79DB7092AAF} = {67F25469-DDEB-43DD-947B-D79DB7092AAF}
		{BE19D173-580C-47CE-9E4D-5813869689B0} = {BE19D173-580C-47CE-9E4D-5813869689B0}
	EndProjectSection
EndProject
Project("{8BC9CEB8-8B4A-11D0-8D11-00A0C91BC942}") = "YonThemes", "YonThemes\YonThemes.vcproj", "{A728A158-E774-486C-95B9-1BDF9C215E28}"
	ProjectSection(ProjectDependencies) = postProject
		{F765934B-0F3C-4DF3-9B02-E9C5B1DA9594} = {F765934B-0F3C-4DF3-9B02-E9C5B1DA9594}
		{06BDAD58-392F-4E42-934E-17F9240080D8} = {06BDAD58-392F-4E42-934E-17F9240080D8}
		{67F25469-DDEB-43DD-947B-D79DB7092AAF} = {67F25469-DDEB-43DD-947B-D79DB7092AAF}
		{BE19D173-580C-47CE-9E4D-5813869689B0} = {BE19D173-580C-47CE-9E4D-5813869689B0}
	EndProjectSection
EndProject
Project("{8BC9CEB8-8B4A-11D0-8D11-00A0C91BC942}") = "freetype", "freetype\freetype.vcproj", "{F765934B-0F3C-4DF3-9B02-E9C5B1DA9594}"
EndProject
Project("{8BC9CEB8-8B4A-11D0-8D11-00A0C91BC942}") = "MyGUIEngine", "MyGUIEngine\MyGUIEngine.vcproj", "{BE19D173-580C-47CE-9E4D-5813869689B0}"
	ProjectSection(ProjectDependencies) = postProject
		{F765934B-0F3C-4DF3-9B02-E9C5B1DA9594} = {F765934B-0F3C-4DF3-9B02-E9C5B1DA9594}
	EndProjectSection
EndProject
Project("{8BC9CEB8-8B4A-11D0-8D11-00A0C91BC942}") = "MyGUIAdapter", "MyGUIAdapter\MyGUIAdapter.vcproj", "{67F25469-DDEB-43DD-947B-D79DB7092AAF}"
	ProjectSection(ProjectDependencies) = postProject
		{F765934B-0F3C-4DF3-9B02-E9C5B1DA9594} = {F765934B-0F3C-4DF3-9B02-E9C5B1DA9594}
		{06BDAD58-392F-4E42-934E-17F9240080D8} = {06BDAD58-392F-4E42-934E-17F9240080D8}
		{BE19D173-580C-47CE-9E4D-5813869689B0} = {BE19D173-580C-47CE-9E4D-5813869689B0}
	EndProjectSection
EndProject
Project("{8BC9CEB8-8B4A-11D0-8D11-00A0C91BC942}") = "Build", "Build\Build.vcproj", "{C327A5C8-7F19-4366-B518-184A3EEDC2C7}"
EndProject
Project("{8BC9CEB8-8B4A-11D0-8D11-00A0C91BC942}") = "YonMask", "YonMask\YonMask.vcproj", "{E7EFF892-AC04-442E-8D2D-73BFC5A01520}"
	ProjectSection(ProjectDependencies) = postProject
		{06BDAD58-392F-4E42-934E-17F9240080D8} = {06BDAD58-392F-4E42-934E-17F9240080D8}
	EndProjectSection
EndProject
Global
	GlobalSection(SolutionConfigurationPlatforms) = preSolution
		Debug|Win32 = Debug|Win32
		Release|Win32 = Release|Win32
	EndGlobalSection
	GlobalSection(ProjectConfigurationPlatforms) = postSolution
		{06BDAD58-392F-4E42-934E-17F9240080D8}.Debug|Win32.ActiveCfg = Debug|Win32
		{06BDAD58-392F-4E42-934E-17F9240080D8}.Debug|Win32.Build.0 = Debug|Win32
		{06BDAD58-392F-4E42-934E-17F9240080D8}.Release|Win32.ActiveCfg = Release|Win32
		{06BDAD58-392F-4E42-934E-17F9240080D8}.Release|Win32.Build.0 = Release|Win32
		{9471CB64-071D-484C-B8DE-2FB3CAE63B99}.Debug|Win32.ActiveCfg = Debug|Win32
		{9471CB64-071D-484C-B8DE-2FB3CAE63B99}.Debug|Win32.Build.0 = Debug|Win32
		{9471CB64-071D-484C-B8DE-2FB3CAE63B99}.Release|Win32.ActiveCfg = Release|Win32
		{9471CB64-071D-484C-B8DE-2FB3CAE63B99}.Release|Win32.Build.0 = Release|Win32
		{B53FDD35-4676-4137-AFBC-020AB0EB266E}.Debug|Win32.ActiveCfg = Debug|Win32
		{B53FDD35-4676-4137-AFBC-020AB0EB266E}.Debug|Win32.Build.0 = Debug|Win32
		{B53FDD35-4676-4137-AFBC-020AB0EB266E}.Release|Win32.ActiveCfg = Release|Win32
		{B53FDD35-4676-4137-AFBC-020AB0EB266E}.Release|Win32.Build.0 = Release|Win32
		{D02D7F00-A6B3-4EAE-BA2F-D2A7FF1553A9}.Debug|Win32.ActiveCfg = Debug|Win32
		{D02D7F00-A6B3-4EAE-BA2F-D2A7FF1553A9}.Debug|Win32.Build.0 = Debug|Win32
		{D02D7F00-A6B3-4EAE-BA2F-D2A7FF1553A9}.Release|Win32.ActiveCfg = Release|Win32
		{D02D7F00-A6B3-4EAE-BA2F-D2A7FF1553A9}.Release|Win32.Build.0 = Release|Win32
		{6CAAA19D-61FC-446B-8AF7-C5DE447BCE8C}.Debug|Win32.ActiveCfg = Debug|Win32
		{6CAAA19D-61FC-446B-8AF7-C5DE447BCE8C}.Debug|Win32.Build.0 = Debug|Win32
		{6CAAA19D-61FC-446B-8AF7-C5DE447BCE8C}.Release|Win32.ActiveCfg = Release|Win32
		{6CAAA19D-61FC-446B-8AF7-C5DE447BCE8C}.Release|Win32.Build.0 = Release|Win32
		{E92461EE-EC5D-4469-BB3A-2C2282CC03A4}.Debug|Win32.ActiveCfg = Debug|Win32
		{E92461EE-EC5D-4469-BB3A-2C2282CC03A4}.Debug|Win32.Build.0 = Debug|Win32
		{E92461EE-EC5D-4469-BB3A-2C2282CC03A4}.Release|Win32.ActiveCfg = Release|Win32
		{E92461EE-EC5D-4469-BB3A-2C2282CC03A4}.Release|Win32.Build.0 = Release|Win32
		{EAE7710E-AD1C-4B57-9F9D-0F8A60EDE31C}.Debug|Win32.ActiveCfg = Debug|Win32
		{EAE7710E-AD1C-4B57-9F9D-0F8A60EDE31C}.Debug|Win32.Build.0 = Debug|Win32
		{EAE7710E-AD1C-4B57-9F9D-0F8A60EDE31C}.Release|Win32.ActiveCfg = Release|Win32
		{EAE7710E-AD1C-4B57-9F9D-0F8A60EDE31C}.Release|Win32.Build.0 = Release|Win32
		{42A82283-7D98-47CF-85E9-B6206BB988CD}.Debug|Win32.ActiveCfg = Debug|Win32
		{42A82283-7D98-47CF-85E9-B6206BB988CD}.Debug|Win32.Build.0 = Debug|Win32
		{42A82283-7D98-47CF-85E9-B6206BB988CD}.Release|Win32.ActiveCfg = Release|Win32
		{42A82283-7D98-47CF-85E9-B6206BB988CD}.Release|Win32.Build.0 = Release|Win32
		{A728A158-E774-486C-95B9-1BDF9C215E28}.Debug|Win32.ActiveCfg = Debug|Win32
		{A728A158-E774-486C-95B9-1BDF9C215E28}.Debug|Win32.Build.0 = Debug|Win32
		{A728A158-E774-486C-95B9-1BDF9C215E28}.Release|Win32.ActiveCfg = Release|Win32
		{A728A158-E774-486C-95B9-1BDF9C215E28}.Release|Win32.Build.0 = Release|Win32
		{F765934B-0F3C-4DF3-9B02-E9C5B1DA9594}.Debug|Win32.ActiveCfg = Debug|Win32
		{F765934B-0F3C-4DF3-9B02-E9C5B1DA9594}.Debug|Win32.Build.0 = Debug|Win32
		{F765934B-0F3C-4DF3-9B02-E9C5B1DA9594}.Release|Win32.ActiveCfg = Release|Win32
		{F765934B-0F3C-4DF3-9B02-E9C5B1DA9594}.Release|Win32.Build.0 = Release|Win32
		{BE19D173-580C-47CE-9E4D-5813869689B0}.Debug|Win32.ActiveCfg = Debug|Win32
		{BE19D173-580C-47CE-9E4D-5813869689B0}.Debug|Win32.Build.0 = Debug|Win32
		{BE19D173-580C-47CE-9E4D-5813869689B0}.Release|Win32.ActiveCfg = Release|Win32
		{BE19D173-580C-47CE-9E4D-5813869689B0}.Release|Win32.Build.0 = Release|Win32
		{67F25469-DDEB-43DD-947B-D79DB7092AAF}.Debug|Win32.ActiveCfg = Debug|Win32
		{67F25469-DDEB-43DD-947B-D79DB7092AAF}.Debug|Win32.Build.0 = Debug|Win32
		{67F25469-DDEB-43DD-947B-D79DB7092AAF}.Release|Win32.ActiveCfg = Release|Win32
		{67F25469-DDEB-43DD-947B-D79DB7092AAF}.Release|Win32.Build.0 = Release|Win32
		{C327A5C8-7F19-4366-B518-184A3EEDC2C7}.Debug|Win32.ActiveCfg = Debug|Win32
		{C327A5C8-7F19-4366-B518-184A3EEDC2C7}.Debug|Win32.Build.0 = Debug|Win32
		{C327A5C8-7F19-4366-B518-184A3EEDC2C7}.Release|Win32.ActiveCfg = Release|Win32
		{C327A5C8-7F19-4366-B518-184A3EEDC2C7}.Release|Win32.Build.0 = Release|Win32
		{E7EFF892-AC04-442E-8D2D-73BFC5A01520}.Debug|Win32.ActiveCfg = Debug|Win32
		{E7EFF892-AC04-442E-8D2D-73BFC5A01520}.Debug|Win32.Build.0 = Debug|Win32
		{E7EFF892-AC04-442E-8D2D-73BFC5A01520}.Release|Win32.ActiveCfg = Release|Win32
		{E7EFF892-AC04-442E-8D2D-73BFC5A01520}.Release|Win32.Build.0 = Release|Win32
	EndGlobalSection
	GlobalSection(SolutionProperties) = preSolution
		HideSolutionNode = FALSE
	EndGlobalSection
EndGlobal
