
Microsoft Visual Studio Solution File, Format Version 10.00
# Visual Studio 2008
Project("{8BC9CEB8-8B4A-11D0-8D11-00A0C91BC942}") = "01Tip", "01Tip\01Tip.vcproj", "{10C4AF74-00CE-4518-B087-6EE42054E379}"
EndProject
Project("{8BC9CEB8-8B4A-11D0-8D11-00A0C91BC942}") = "02Window", "02Window\02Window.vcproj", "{A795C3D1-1A3A-40CB-B18E-2EB2C5E4D44C}"
EndProject
Project("{8BC9CEB8-8B4A-11D0-8D11-00A0C91BC942}") = "03ES1Framework", "03ES1Framework\03ES1Framework.vcproj", "{54D343D9-D1D6-4152-B1E7-CFAAB638F0ED}"
EndProject
Project("{8BC9CEB8-8B4A-11D0-8D11-00A0C91BC942}") = "04ES2Framework", "04ES2Framework\04ES2Framework.vcproj", "{4C5D18D4-7223-4A19-8F0C-59636F08BC4E}"
EndProject
Project("{8BC9CEB8-8B4A-11D0-8D11-00A0C91BC942}") = "05PngDemo", "05PngDemo\05PngDemo.vcproj", "{CFD023FC-917E-4AED-8081-63F3D6835EE5}"
EndProject
Project("{8BC9CEB8-8B4A-11D0-8D11-00A0C91BC942}") = "06ES1Texture", "06ES1Texture\06ES1Texture.vcproj", "{FA65DAF3-849C-4ECD-ADF3-A88923983818}"
EndProject
Project("{8BC9CEB8-8B4A-11D0-8D11-00A0C91BC942}") = "06GLBmpTexture", "06GLBmpTexture\06GLBmpTexture.vcproj", "{03DE071C-FC18-4AB2-BD9D-DF6DA5401485}"
EndProject
Project("{8BC9CEB8-8B4A-11D0-8D11-00A0C91BC942}") = "07GLPngTexture", "07GLPngTexture\07GLPngTexture.vcproj", "{4AB81BDF-365A-48D2-BCC5-0385014D5D62}"
EndProject
Project("{8BC9CEB8-8B4A-11D0-8D11-00A0C91BC942}") = "08ES2HelloTriangle", "08ES2HelloTriangle\08ES2HelloTriangle.vcproj", "{E461CD13-5822-4445-AFA4-76E78EC51732}"
EndProject
Project("{8BC9CEB8-8B4A-11D0-8D11-00A0C91BC942}") = "09ES2VertexShader", "09ES2VertexShader\09ES2VertexShader.vcproj", "{6B9F3858-42B2-4AF9-BBCE-DB6AB1819B6D}"
EndProject
Project("{8BC9CEB8-8B4A-11D0-8D11-00A0C91BC942}") = "10ES1MipMap2D", "10ES1MipMap2D\10ES1MipMap2D.vcproj", "{70601FE3-8D57-4238-84C3-365E2BC73D2F}"
EndProject
Project("{8BC9CEB8-8B4A-11D0-8D11-00A0C91BC942}") = "11ES2SimpleTexture2D", "11ES2SimpleTexture2D\11ES2SimpleTexture2D.vcproj", "{FA815AA5-BC23-40AE-A010-AEB198B70B1E}"
EndProject
Project("{8BC9CEB8-8B4A-11D0-8D11-00A0C91BC942}") = "12ES2TextureCubemap", "12ES2TextureCubemap\12ES2TextureCubemap.vcproj", "{1A30B44D-5EC3-4CE5-99A1-4DD6CB877802}"
EndProject
Project("{8BC9CEB8-8B4A-11D0-8D11-00A0C91BC942}") = "13ES2TextureWrap", "13ES2TextureWrap\13ES2TextureWrap.vcproj", "{90B2E6ED-9CD0-4962-89A0-7EF4F372D116}"
EndProject
Project("{8BC9CEB8-8B4A-11D0-8D11-00A0C91BC942}") = "14ES2MultiTexture", "14ES2MultiTexture\14ES2MultiTexture.vcproj", "{CF3D6EC5-5031-438C-9D72-591656338171}"
EndProject
Project("{8BC9CEB8-8B4A-11D0-8D11-00A0C91BC942}") = "16GLFramework", "16GLFramework\16GLFramework.vcproj", "{0F63B20D-2ED1-4C04-8C00-C8D7D3889D36}"
	ProjectSection(ProjectDependencies) = postProject
		{EB8C1093-ACCD-45E8-BCBD-33BC6EF6A778} = {EB8C1093-ACCD-45E8-BCBD-33BC6EF6A778}
	EndProjectSection
EndProject
Project("{8BC9CEB8-8B4A-11D0-8D11-00A0C91BC942}") = "15GLProjectiveTexture", "15GLProjectiveTexture\15GLProjectiveTexture.vcproj", "{FD0DAE1E-599B-4920-8810-8A6C0EC39003}"
	ProjectSection(ProjectDependencies) = postProject
		{A4E4DA7F-B87F-4CD8-B611-FE42A734A95A} = {A4E4DA7F-B87F-4CD8-B611-FE42A734A95A}
	EndProjectSection
EndProject
Project("{8BC9CEB8-8B4A-11D0-8D11-00A0C91BC942}") = "Texture", "Texture\Texture.vcproj", "{A4E4DA7F-B87F-4CD8-B611-FE42A734A95A}"
EndProject
Project("{8BC9CEB8-8B4A-11D0-8D11-00A0C91BC942}") = "17GLVBO", "17GLVBO\17GLVBO.vcproj", "{DA651F99-6D67-4C3C-8B91-A21E44DDA838}"
EndProject
Project("{8BC9CEB8-8B4A-11D0-8D11-00A0C91BC942}") = "18ES2VBO", "18ES2VBO\18ES2VBO.vcproj", "{D9A647E0-61A7-4547-A0A6-642BE100C773}"
EndProject
Project("{8BC9CEB8-8B4A-11D0-8D11-00A0C91BC942}") = "19GLPlanarShadow", "19GLPlanarShadow\19GLPlanarShadow.vcproj", "{43A889B5-06DA-466D-A2F0-BA255492072B}"
EndProject
Project("{8BC9CEB8-8B4A-11D0-8D11-00A0C91BC942}") = "20GLProjectiveTexture", "20GLProjectiveTexture\20GLProjectiveTexture.vcproj", "{FAF786E1-1EDB-40C6-AF83-F34CF110AB67}"
	ProjectSection(ProjectDependencies) = postProject
		{A4E4DA7F-B87F-4CD8-B611-FE42A734A95A} = {A4E4DA7F-B87F-4CD8-B611-FE42A734A95A}
	EndProjectSection
EndProject
Project("{8BC9CEB8-8B4A-11D0-8D11-00A0C91BC942}") = "21GLProjectiveMultiTexture", "21GLProjectiveMultiTexture\21GLProjectiveMultiTexture.vcproj", "{C839BF1E-ADCA-4C43-B62F-ABC3E788F1B3}"
	ProjectSection(ProjectDependencies) = postProject
		{A4E4DA7F-B87F-4CD8-B611-FE42A734A95A} = {A4E4DA7F-B87F-4CD8-B611-FE42A734A95A}
	EndProjectSection
EndProject
Project("{8BC9CEB8-8B4A-11D0-8D11-00A0C91BC942}") = "22ES2ProjectiveTexture", "22ES2ProjectiveTexture\22ES2ProjectiveTexture.vcproj", "{F0102235-D449-4532-A9DD-14A0CB7571CC}"
	ProjectSection(ProjectDependencies) = postProject
		{A4E4DA7F-B87F-4CD8-B611-FE42A734A95A} = {A4E4DA7F-B87F-4CD8-B611-FE42A734A95A}
	EndProjectSection
EndProject
Project("{8BC9CEB8-8B4A-11D0-8D11-00A0C91BC942}") = "23GLShadowMapping", "23GLShadowMapping\23GLShadowMapping.vcproj", "{7CA6DF28-CEF9-4947-949D-7D32CF970EED}"
	ProjectSection(ProjectDependencies) = postProject
		{9C995D29-0CBC-4CDB-A06F-DFD1F9BDE5D2} = {9C995D29-0CBC-4CDB-A06F-DFD1F9BDE5D2}
		{EB8C1093-ACCD-45E8-BCBD-33BC6EF6A778} = {EB8C1093-ACCD-45E8-BCBD-33BC6EF6A778}
	EndProjectSection
EndProject
Project("{8BC9CEB8-8B4A-11D0-8D11-00A0C91BC942}") = "Math", "Math\Math.vcproj", "{9C995D29-0CBC-4CDB-A06F-DFD1F9BDE5D2}"
EndProject
Project("{8BC9CEB8-8B4A-11D0-8D11-00A0C91BC942}") = "shadowmap", "shadowmap\shadowmap.vcproj", "{83E2169D-13FF-4C3C-9F69-C5E8181A6A5D}"
	ProjectSection(ProjectDependencies) = postProject
		{9C995D29-0CBC-4CDB-A06F-DFD1F9BDE5D2} = {9C995D29-0CBC-4CDB-A06F-DFD1F9BDE5D2}
	EndProjectSection
EndProject
Project("{8BC9CEB8-8B4A-11D0-8D11-00A0C91BC942}") = "Utility", "Utility\Utility.vcproj", "{EB8C1093-ACCD-45E8-BCBD-33BC6EF6A778}"
EndProject
Project("{8BC9CEB8-8B4A-11D0-8D11-00A0C91BC942}") = "24ES2ShadowMapping", "24ES2ShadowMapping\24ES2ShadowMapping.vcproj", "{7F7C28F7-E8F9-4BB2-B813-606B743BDC5B}"
	ProjectSection(ProjectDependencies) = postProject
		{9C995D29-0CBC-4CDB-A06F-DFD1F9BDE5D2} = {9C995D29-0CBC-4CDB-A06F-DFD1F9BDE5D2}
		{A4E4DA7F-B87F-4CD8-B611-FE42A734A95A} = {A4E4DA7F-B87F-4CD8-B611-FE42A734A95A}
		{EB8C1093-ACCD-45E8-BCBD-33BC6EF6A778} = {EB8C1093-ACCD-45E8-BCBD-33BC6EF6A778}
	EndProjectSection
EndProject
Project("{8BC9CEB8-8B4A-11D0-8D11-00A0C91BC942}") = "depthcorrectedshadowMap", "depthcorrectedshadowMap\depthcorrectedshadowMap.vcproj", "{D1142BEE-210B-4FA0-ACD4-559D467335D8}"
EndProject
Project("{8BC9CEB8-8B4A-11D0-8D11-00A0C91BC942}") = "GLSLShadowMapping", "GLSLShadowMapping\GLSLShadowMapping.vcproj", "{C484CA0F-B271-42F0-9806-A5CD3511F991}"
EndProject
Project("{8BC9CEB8-8B4A-11D0-8D11-00A0C91BC942}") = "25ES2GenerateShadowLightMap", "25ES2GenerateShadowLightMap\25ES2GenerateShadowLightMap.vcproj", "{D4176DB5-46F1-43BB-A751-73297B7B6902}"
	ProjectSection(ProjectDependencies) = postProject
		{9C995D29-0CBC-4CDB-A06F-DFD1F9BDE5D2} = {9C995D29-0CBC-4CDB-A06F-DFD1F9BDE5D2}
		{A4E4DA7F-B87F-4CD8-B611-FE42A734A95A} = {A4E4DA7F-B87F-4CD8-B611-FE42A734A95A}
		{EB8C1093-ACCD-45E8-BCBD-33BC6EF6A778} = {EB8C1093-ACCD-45E8-BCBD-33BC6EF6A778}
	EndProjectSection
EndProject
Project("{8BC9CEB8-8B4A-11D0-8D11-00A0C91BC942}") = "03Cube(ES2)", "03Cube(ES2)\03Cube(ES2).vcproj", "{EA6994FC-315C-40F6-8FB1-090DA9BF9AA2}"
EndProject
Project("{8BC9CEB8-8B4A-11D0-8D11-00A0C91BC942}") = "GLLaborary", "GLLaborary\GLLaborary.vcproj", "{660EEE81-2E62-46C8-8FFA-066A3D521514}"
EndProject
Project("{8BC9CEB8-8B4A-11D0-8D11-00A0C91BC942}") = "26TextureMatrix", "26TextureMatrix\26TextureMatrix.vcproj", "{72353107-B8DC-407C-A9F4-819EAAD4D3AA}"
	ProjectSection(ProjectDependencies) = postProject
		{A4E4DA7F-B87F-4CD8-B611-FE42A734A95A} = {A4E4DA7F-B87F-4CD8-B611-FE42A734A95A}
	EndProjectSection
EndProject
Project("{8BC9CEB8-8B4A-11D0-8D11-00A0C91BC942}") = "27DoubleTexture", "27DoubleTexture\27DoubleTexture.vcproj", "{B8621468-84E2-4D50-89D8-AF492D3AB440}"
	ProjectSection(ProjectDependencies) = postProject
		{A4E4DA7F-B87F-4CD8-B611-FE42A734A95A} = {A4E4DA7F-B87F-4CD8-B611-FE42A734A95A}
	EndProjectSection
EndProject
Project("{8BC9CEB8-8B4A-11D0-8D11-00A0C91BC942}") = "28RenderToTexture", "28RenderToTexture\28RenderToTexture.vcproj", "{4D3BE379-226B-4857-85D1-4072EAEA02AB}"
	ProjectSection(ProjectDependencies) = postProject
		{EB8C1093-ACCD-45E8-BCBD-33BC6EF6A778} = {EB8C1093-ACCD-45E8-BCBD-33BC6EF6A778}
	EndProjectSection
EndProject
Project("{8BC9CEB8-8B4A-11D0-8D11-00A0C91BC942}") = "29GLFBO", "29GLFBO\29GLFBO.vcproj", "{CCC39350-165C-48FC-8238-044B651395EE}"
	ProjectSection(ProjectDependencies) = postProject
		{EB8C1093-ACCD-45E8-BCBD-33BC6EF6A778} = {EB8C1093-ACCD-45E8-BCBD-33BC6EF6A778}
	EndProjectSection
EndProject
Project("{8BC9CEB8-8B4A-11D0-8D11-00A0C91BC942}") = "FBO", "FBO\FBO.vcproj", "{3C680B75-92A2-4CB4-920E-8346C069735C}"
EndProject
Project("{8BC9CEB8-8B4A-11D0-8D11-00A0C91BC942}") = "30TransparentModel", "30TransparentModel\30TransparentModel.vcproj", "{15D85105-172B-4B8F-8CA9-4718BFC7720F}"
EndProject
Global
	GlobalSection(SolutionConfigurationPlatforms) = preSolution
		Debug|Win32 = Debug|Win32
		Release|Win32 = Release|Win32
	EndGlobalSection
	GlobalSection(ProjectConfigurationPlatforms) = postSolution
		{10C4AF74-00CE-4518-B087-6EE42054E379}.Debug|Win32.ActiveCfg = Debug|Win32
		{10C4AF74-00CE-4518-B087-6EE42054E379}.Debug|Win32.Build.0 = Debug|Win32
		{10C4AF74-00CE-4518-B087-6EE42054E379}.Release|Win32.ActiveCfg = Release|Win32
		{10C4AF74-00CE-4518-B087-6EE42054E379}.Release|Win32.Build.0 = Release|Win32
		{A795C3D1-1A3A-40CB-B18E-2EB2C5E4D44C}.Debug|Win32.ActiveCfg = Debug|Win32
		{A795C3D1-1A3A-40CB-B18E-2EB2C5E4D44C}.Debug|Win32.Build.0 = Debug|Win32
		{A795C3D1-1A3A-40CB-B18E-2EB2C5E4D44C}.Release|Win32.ActiveCfg = Release|Win32
		{A795C3D1-1A3A-40CB-B18E-2EB2C5E4D44C}.Release|Win32.Build.0 = Release|Win32
		{54D343D9-D1D6-4152-B1E7-CFAAB638F0ED}.Debug|Win32.ActiveCfg = Debug|Win32
		{54D343D9-D1D6-4152-B1E7-CFAAB638F0ED}.Debug|Win32.Build.0 = Debug|Win32
		{54D343D9-D1D6-4152-B1E7-CFAAB638F0ED}.Release|Win32.ActiveCfg = Release|Win32
		{54D343D9-D1D6-4152-B1E7-CFAAB638F0ED}.Release|Win32.Build.0 = Release|Win32
		{4C5D18D4-7223-4A19-8F0C-59636F08BC4E}.Debug|Win32.ActiveCfg = Debug|Win32
		{4C5D18D4-7223-4A19-8F0C-59636F08BC4E}.Debug|Win32.Build.0 = Debug|Win32
		{4C5D18D4-7223-4A19-8F0C-59636F08BC4E}.Release|Win32.ActiveCfg = Release|Win32
		{4C5D18D4-7223-4A19-8F0C-59636F08BC4E}.Release|Win32.Build.0 = Release|Win32
		{CFD023FC-917E-4AED-8081-63F3D6835EE5}.Debug|Win32.ActiveCfg = Debug|Win32
		{CFD023FC-917E-4AED-8081-63F3D6835EE5}.Debug|Win32.Build.0 = Debug|Win32
		{CFD023FC-917E-4AED-8081-63F3D6835EE5}.Release|Win32.ActiveCfg = Release|Win32
		{CFD023FC-917E-4AED-8081-63F3D6835EE5}.Release|Win32.Build.0 = Release|Win32
		{FA65DAF3-849C-4ECD-ADF3-A88923983818}.Debug|Win32.ActiveCfg = Debug|Win32
		{FA65DAF3-849C-4ECD-ADF3-A88923983818}.Debug|Win32.Build.0 = Debug|Win32
		{FA65DAF3-849C-4ECD-ADF3-A88923983818}.Release|Win32.ActiveCfg = Release|Win32
		{FA65DAF3-849C-4ECD-ADF3-A88923983818}.Release|Win32.Build.0 = Release|Win32
		{03DE071C-FC18-4AB2-BD9D-DF6DA5401485}.Debug|Win32.ActiveCfg = Debug|Win32
		{03DE071C-FC18-4AB2-BD9D-DF6DA5401485}.Debug|Win32.Build.0 = Debug|Win32
		{03DE071C-FC18-4AB2-BD9D-DF6DA5401485}.Release|Win32.ActiveCfg = Release|Win32
		{03DE071C-FC18-4AB2-BD9D-DF6DA5401485}.Release|Win32.Build.0 = Release|Win32
		{4AB81BDF-365A-48D2-BCC5-0385014D5D62}.Debug|Win32.ActiveCfg = Debug|Win32
		{4AB81BDF-365A-48D2-BCC5-0385014D5D62}.Debug|Win32.Build.0 = Debug|Win32
		{4AB81BDF-365A-48D2-BCC5-0385014D5D62}.Release|Win32.ActiveCfg = Release|Win32
		{4AB81BDF-365A-48D2-BCC5-0385014D5D62}.Release|Win32.Build.0 = Release|Win32
		{E461CD13-5822-4445-AFA4-76E78EC51732}.Debug|Win32.ActiveCfg = Debug|Win32
		{E461CD13-5822-4445-AFA4-76E78EC51732}.Debug|Win32.Build.0 = Debug|Win32
		{E461CD13-5822-4445-AFA4-76E78EC51732}.Release|Win32.ActiveCfg = Release|Win32
		{E461CD13-5822-4445-AFA4-76E78EC51732}.Release|Win32.Build.0 = Release|Win32
		{6B9F3858-42B2-4AF9-BBCE-DB6AB1819B6D}.Debug|Win32.ActiveCfg = Debug|Win32
		{6B9F3858-42B2-4AF9-BBCE-DB6AB1819B6D}.Debug|Win32.Build.0 = Debug|Win32
		{6B9F3858-42B2-4AF9-BBCE-DB6AB1819B6D}.Release|Win32.ActiveCfg = Release|Win32
		{6B9F3858-42B2-4AF9-BBCE-DB6AB1819B6D}.Release|Win32.Build.0 = Release|Win32
		{70601FE3-8D57-4238-84C3-365E2BC73D2F}.Debug|Win32.ActiveCfg = Debug|Win32
		{70601FE3-8D57-4238-84C3-365E2BC73D2F}.Debug|Win32.Build.0 = Debug|Win32
		{70601FE3-8D57-4238-84C3-365E2BC73D2F}.Release|Win32.ActiveCfg = Release|Win32
		{70601FE3-8D57-4238-84C3-365E2BC73D2F}.Release|Win32.Build.0 = Release|Win32
		{FA815AA5-BC23-40AE-A010-AEB198B70B1E}.Debug|Win32.ActiveCfg = Debug|Win32
		{FA815AA5-BC23-40AE-A010-AEB198B70B1E}.Debug|Win32.Build.0 = Debug|Win32
		{FA815AA5-BC23-40AE-A010-AEB198B70B1E}.Release|Win32.ActiveCfg = Release|Win32
		{FA815AA5-BC23-40AE-A010-AEB198B70B1E}.Release|Win32.Build.0 = Release|Win32
		{1A30B44D-5EC3-4CE5-99A1-4DD6CB877802}.Debug|Win32.ActiveCfg = Debug|Win32
		{1A30B44D-5EC3-4CE5-99A1-4DD6CB877802}.Debug|Win32.Build.0 = Debug|Win32
		{1A30B44D-5EC3-4CE5-99A1-4DD6CB877802}.Release|Win32.ActiveCfg = Release|Win32
		{1A30B44D-5EC3-4CE5-99A1-4DD6CB877802}.Release|Win32.Build.0 = Release|Win32
		{90B2E6ED-9CD0-4962-89A0-7EF4F372D116}.Debug|Win32.ActiveCfg = Debug|Win32
		{90B2E6ED-9CD0-4962-89A0-7EF4F372D116}.Debug|Win32.Build.0 = Debug|Win32
		{90B2E6ED-9CD0-4962-89A0-7EF4F372D116}.Release|Win32.ActiveCfg = Release|Win32
		{90B2E6ED-9CD0-4962-89A0-7EF4F372D116}.Release|Win32.Build.0 = Release|Win32
		{CF3D6EC5-5031-438C-9D72-591656338171}.Debug|Win32.ActiveCfg = Debug|Win32
		{CF3D6EC5-5031-438C-9D72-591656338171}.Debug|Win32.Build.0 = Debug|Win32
		{CF3D6EC5-5031-438C-9D72-591656338171}.Release|Win32.ActiveCfg = Release|Win32
		{CF3D6EC5-5031-438C-9D72-591656338171}.Release|Win32.Build.0 = Release|Win32
		{0F63B20D-2ED1-4C04-8C00-C8D7D3889D36}.Debug|Win32.ActiveCfg = Debug|Win32
		{0F63B20D-2ED1-4C04-8C00-C8D7D3889D36}.Debug|Win32.Build.0 = Debug|Win32
		{0F63B20D-2ED1-4C04-8C00-C8D7D3889D36}.Release|Win32.ActiveCfg = Release|Win32
		{0F63B20D-2ED1-4C04-8C00-C8D7D3889D36}.Release|Win32.Build.0 = Release|Win32
		{FD0DAE1E-599B-4920-8810-8A6C0EC39003}.Debug|Win32.ActiveCfg = Debug|Win32
		{FD0DAE1E-599B-4920-8810-8A6C0EC39003}.Debug|Win32.Build.0 = Debug|Win32
		{FD0DAE1E-599B-4920-8810-8A6C0EC39003}.Release|Win32.ActiveCfg = Release|Win32
		{FD0DAE1E-599B-4920-8810-8A6C0EC39003}.Release|Win32.Build.0 = Release|Win32
		{A4E4DA7F-B87F-4CD8-B611-FE42A734A95A}.Debug|Win32.ActiveCfg = Debug|Win32
		{A4E4DA7F-B87F-4CD8-B611-FE42A734A95A}.Debug|Win32.Build.0 = Debug|Win32
		{A4E4DA7F-B87F-4CD8-B611-FE42A734A95A}.Release|Win32.ActiveCfg = Release|Win32
		{A4E4DA7F-B87F-4CD8-B611-FE42A734A95A}.Release|Win32.Build.0 = Release|Win32
		{DA651F99-6D67-4C3C-8B91-A21E44DDA838}.Debug|Win32.ActiveCfg = Debug|Win32
		{DA651F99-6D67-4C3C-8B91-A21E44DDA838}.Debug|Win32.Build.0 = Debug|Win32
		{DA651F99-6D67-4C3C-8B91-A21E44DDA838}.Release|Win32.ActiveCfg = Release|Win32
		{DA651F99-6D67-4C3C-8B91-A21E44DDA838}.Release|Win32.Build.0 = Release|Win32
		{D9A647E0-61A7-4547-A0A6-642BE100C773}.Debug|Win32.ActiveCfg = Debug|Win32
		{D9A647E0-61A7-4547-A0A6-642BE100C773}.Debug|Win32.Build.0 = Debug|Win32
		{D9A647E0-61A7-4547-A0A6-642BE100C773}.Release|Win32.ActiveCfg = Release|Win32
		{D9A647E0-61A7-4547-A0A6-642BE100C773}.Release|Win32.Build.0 = Release|Win32
		{43A889B5-06DA-466D-A2F0-BA255492072B}.Debug|Win32.ActiveCfg = Debug|Win32
		{43A889B5-06DA-466D-A2F0-BA255492072B}.Debug|Win32.Build.0 = Debug|Win32
		{43A889B5-06DA-466D-A2F0-BA255492072B}.Release|Win32.ActiveCfg = Release|Win32
		{43A889B5-06DA-466D-A2F0-BA255492072B}.Release|Win32.Build.0 = Release|Win32
		{FAF786E1-1EDB-40C6-AF83-F34CF110AB67}.Debug|Win32.ActiveCfg = Debug|Win32
		{FAF786E1-1EDB-40C6-AF83-F34CF110AB67}.Debug|Win32.Build.0 = Debug|Win32
		{FAF786E1-1EDB-40C6-AF83-F34CF110AB67}.Release|Win32.ActiveCfg = Release|Win32
		{FAF786E1-1EDB-40C6-AF83-F34CF110AB67}.Release|Win32.Build.0 = Release|Win32
		{C839BF1E-ADCA-4C43-B62F-ABC3E788F1B3}.Debug|Win32.ActiveCfg = Debug|Win32
		{C839BF1E-ADCA-4C43-B62F-ABC3E788F1B3}.Debug|Win32.Build.0 = Debug|Win32
		{C839BF1E-ADCA-4C43-B62F-ABC3E788F1B3}.Release|Win32.ActiveCfg = Release|Win32
		{C839BF1E-ADCA-4C43-B62F-ABC3E788F1B3}.Release|Win32.Build.0 = Release|Win32
		{F0102235-D449-4532-A9DD-14A0CB7571CC}.Debug|Win32.ActiveCfg = Debug|Win32
		{F0102235-D449-4532-A9DD-14A0CB7571CC}.Debug|Win32.Build.0 = Debug|Win32
		{F0102235-D449-4532-A9DD-14A0CB7571CC}.Release|Win32.ActiveCfg = Release|Win32
		{F0102235-D449-4532-A9DD-14A0CB7571CC}.Release|Win32.Build.0 = Release|Win32
		{7CA6DF28-CEF9-4947-949D-7D32CF970EED}.Debug|Win32.ActiveCfg = Debug|Win32
		{7CA6DF28-CEF9-4947-949D-7D32CF970EED}.Debug|Win32.Build.0 = Debug|Win32
		{7CA6DF28-CEF9-4947-949D-7D32CF970EED}.Release|Win32.ActiveCfg = Release|Win32
		{7CA6DF28-CEF9-4947-949D-7D32CF970EED}.Release|Win32.Build.0 = Release|Win32
		{9C995D29-0CBC-4CDB-A06F-DFD1F9BDE5D2}.Debug|Win32.ActiveCfg = Debug|Win32
		{9C995D29-0CBC-4CDB-A06F-DFD1F9BDE5D2}.Debug|Win32.Build.0 = Debug|Win32
		{9C995D29-0CBC-4CDB-A06F-DFD1F9BDE5D2}.Release|Win32.ActiveCfg = Release|Win32
		{9C995D29-0CBC-4CDB-A06F-DFD1F9BDE5D2}.Release|Win32.Build.0 = Release|Win32
		{83E2169D-13FF-4C3C-9F69-C5E8181A6A5D}.Debug|Win32.ActiveCfg = Debug|Win32
		{83E2169D-13FF-4C3C-9F69-C5E8181A6A5D}.Debug|Win32.Build.0 = Debug|Win32
		{83E2169D-13FF-4C3C-9F69-C5E8181A6A5D}.Release|Win32.ActiveCfg = Release|Win32
		{83E2169D-13FF-4C3C-9F69-C5E8181A6A5D}.Release|Win32.Build.0 = Release|Win32
		{EB8C1093-ACCD-45E8-BCBD-33BC6EF6A778}.Debug|Win32.ActiveCfg = Debug|Win32
		{EB8C1093-ACCD-45E8-BCBD-33BC6EF6A778}.Debug|Win32.Build.0 = Debug|Win32
		{EB8C1093-ACCD-45E8-BCBD-33BC6EF6A778}.Release|Win32.ActiveCfg = Release|Win32
		{EB8C1093-ACCD-45E8-BCBD-33BC6EF6A778}.Release|Win32.Build.0 = Release|Win32
		{7F7C28F7-E8F9-4BB2-B813-606B743BDC5B}.Debug|Win32.ActiveCfg = Debug|Win32
		{7F7C28F7-E8F9-4BB2-B813-606B743BDC5B}.Debug|Win32.Build.0 = Debug|Win32
		{7F7C28F7-E8F9-4BB2-B813-606B743BDC5B}.Release|Win32.ActiveCfg = Release|Win32
		{7F7C28F7-E8F9-4BB2-B813-606B743BDC5B}.Release|Win32.Build.0 = Release|Win32
		{D1142BEE-210B-4FA0-ACD4-559D467335D8}.Debug|Win32.ActiveCfg = Debug|Win32
		{D1142BEE-210B-4FA0-ACD4-559D467335D8}.Debug|Win32.Build.0 = Debug|Win32
		{D1142BEE-210B-4FA0-ACD4-559D467335D8}.Release|Win32.ActiveCfg = Release|Win32
		{D1142BEE-210B-4FA0-ACD4-559D467335D8}.Release|Win32.Build.0 = Release|Win32
		{C484CA0F-B271-42F0-9806-A5CD3511F991}.Debug|Win32.ActiveCfg = Debug|Win32
		{C484CA0F-B271-42F0-9806-A5CD3511F991}.Debug|Win32.Build.0 = Debug|Win32
		{C484CA0F-B271-42F0-9806-A5CD3511F991}.Release|Win32.ActiveCfg = Release|Win32
		{C484CA0F-B271-42F0-9806-A5CD3511F991}.Release|Win32.Build.0 = Release|Win32
		{D4176DB5-46F1-43BB-A751-73297B7B6902}.Debug|Win32.ActiveCfg = Debug|Win32
		{D4176DB5-46F1-43BB-A751-73297B7B6902}.Debug|Win32.Build.0 = Debug|Win32
		{D4176DB5-46F1-43BB-A751-73297B7B6902}.Release|Win32.ActiveCfg = Release|Win32
		{D4176DB5-46F1-43BB-A751-73297B7B6902}.Release|Win32.Build.0 = Release|Win32
		{EA6994FC-315C-40F6-8FB1-090DA9BF9AA2}.Debug|Win32.ActiveCfg = Debug|Win32
		{EA6994FC-315C-40F6-8FB1-090DA9BF9AA2}.Debug|Win32.Build.0 = Debug|Win32
		{EA6994FC-315C-40F6-8FB1-090DA9BF9AA2}.Release|Win32.ActiveCfg = Release|Win32
		{EA6994FC-315C-40F6-8FB1-090DA9BF9AA2}.Release|Win32.Build.0 = Release|Win32
		{660EEE81-2E62-46C8-8FFA-066A3D521514}.Debug|Win32.ActiveCfg = Debug|Win32
		{660EEE81-2E62-46C8-8FFA-066A3D521514}.Debug|Win32.Build.0 = Debug|Win32
		{660EEE81-2E62-46C8-8FFA-066A3D521514}.Release|Win32.ActiveCfg = Release|Win32
		{660EEE81-2E62-46C8-8FFA-066A3D521514}.Release|Win32.Build.0 = Release|Win32
		{72353107-B8DC-407C-A9F4-819EAAD4D3AA}.Debug|Win32.ActiveCfg = Debug|Win32
		{72353107-B8DC-407C-A9F4-819EAAD4D3AA}.Debug|Win32.Build.0 = Debug|Win32
		{72353107-B8DC-407C-A9F4-819EAAD4D3AA}.Release|Win32.ActiveCfg = Release|Win32
		{72353107-B8DC-407C-A9F4-819EAAD4D3AA}.Release|Win32.Build.0 = Release|Win32
		{B8621468-84E2-4D50-89D8-AF492D3AB440}.Debug|Win32.ActiveCfg = Debug|Win32
		{B8621468-84E2-4D50-89D8-AF492D3AB440}.Debug|Win32.Build.0 = Debug|Win32
		{B8621468-84E2-4D50-89D8-AF492D3AB440}.Release|Win32.ActiveCfg = Release|Win32
		{B8621468-84E2-4D50-89D8-AF492D3AB440}.Release|Win32.Build.0 = Release|Win32
		{4D3BE379-226B-4857-85D1-4072EAEA02AB}.Debug|Win32.ActiveCfg = Debug|Win32
		{4D3BE379-226B-4857-85D1-4072EAEA02AB}.Debug|Win32.Build.0 = Debug|Win32
		{4D3BE379-226B-4857-85D1-4072EAEA02AB}.Release|Win32.ActiveCfg = Release|Win32
		{4D3BE379-226B-4857-85D1-4072EAEA02AB}.Release|Win32.Build.0 = Release|Win32
		{CCC39350-165C-48FC-8238-044B651395EE}.Debug|Win32.ActiveCfg = Debug|Win32
		{CCC39350-165C-48FC-8238-044B651395EE}.Debug|Win32.Build.0 = Debug|Win32
		{CCC39350-165C-48FC-8238-044B651395EE}.Release|Win32.ActiveCfg = Release|Win32
		{CCC39350-165C-48FC-8238-044B651395EE}.Release|Win32.Build.0 = Release|Win32
		{3C680B75-92A2-4CB4-920E-8346C069735C}.Debug|Win32.ActiveCfg = Debug|Win32
		{3C680B75-92A2-4CB4-920E-8346C069735C}.Debug|Win32.Build.0 = Debug|Win32
		{3C680B75-92A2-4CB4-920E-8346C069735C}.Release|Win32.ActiveCfg = Release|Win32
		{3C680B75-92A2-4CB4-920E-8346C069735C}.Release|Win32.Build.0 = Release|Win32
		{15D85105-172B-4B8F-8CA9-4718BFC7720F}.Debug|Win32.ActiveCfg = Debug|Win32
		{15D85105-172B-4B8F-8CA9-4718BFC7720F}.Debug|Win32.Build.0 = Debug|Win32
		{15D85105-172B-4B8F-8CA9-4718BFC7720F}.Release|Win32.ActiveCfg = Release|Win32
		{15D85105-172B-4B8F-8CA9-4718BFC7720F}.Release|Win32.Build.0 = Release|Win32
	EndGlobalSection
	GlobalSection(SolutionProperties) = preSolution
		HideSolutionNode = FALSE
	EndGlobalSection
EndGlobal
