
Microsoft Visual Studio Solution File, Format Version 10.00
# Visual Studio 2008
Project("{8BC9CEB8-8B4A-11D0-8D11-00A0C91BC942}") = "01ImageList", "01ImageList\01ImageList.vcproj", "{AAA9087E-3F21-4E4B-B1B0-32352899CD4C}"
EndProject
Project("{8BC9CEB8-8B4A-11D0-8D11-00A0C91BC942}") = "02Progress", "02Progress\02Progress.vcproj", "{F18418A4-0B09-4AD2-A0CC-DF5F815119D2}"
EndProject
Project("{8BC9CEB8-8B4A-11D0-8D11-00A0C91BC942}") = "SpinCtrl", "SpinCtrl\SpinCtrl.vcproj", "{8AB529A1-7D17-45B3-B317-C035927EDFE0}"
EndProject
Project("{8BC9CEB8-8B4A-11D0-8D11-00A0C91BC942}") = "Toolbar", "Toolbar\Toolbar.vcproj", "{417ADE97-A062-4228-B7D4-91A3C9C24C07}"
EndProject
Project("{8BC9CEB8-8B4A-11D0-8D11-00A0C91BC942}") = "LoadImage", "LoadImage\LoadImage.vcproj", "{01416A91-A999-429C-A5BC-A57573A263AF}"
EndProject
Project("{8BC9CEB8-8B4A-11D0-8D11-00A0C91BC942}") = "CxImage", "CxImage\CxImage.vcproj", "{B757A019-7F7D-4DF3-8854-3AA710B44F01}"
EndProject
Project("{8BC9CEB8-8B4A-11D0-8D11-00A0C91BC942}") = "ListBox", "ListBox\ListBox.vcproj", "{2B40A169-84FD-465D-8E87-8ED8732B9E49}"
EndProject
Project("{8BC9CEB8-8B4A-11D0-8D11-00A0C91BC942}") = "DialogBar", "DialogBar\DialogBar.vcproj", "{D2B2D5A1-FB54-40BA-AE91-DE94EBF3537A}"
EndProject
Project("{8BC9CEB8-8B4A-11D0-8D11-00A0C91BC942}") = "BarDemo", "BarDemo\BarDemo.vcproj", "{F2E3C135-C558-490D-8809-3240139D3606}"
EndProject
Project("{8BC9CEB8-8B4A-11D0-8D11-00A0C91BC942}") = "ColorSelector", "ColorSelector\ColorSelector.vcproj", "{A209BB17-0BDB-4CBC-A99F-AD65BAF713B3}"
EndProject
Project("{8BC9CEB8-8B4A-11D0-8D11-00A0C91BC942}") = "MultiGL", "MultiGL\MultiGL.vcproj", "{25319C4F-5E12-4212-BA87-0CE0E26D6A15}"
EndProject
Project("{8BC9CEB8-8B4A-11D0-8D11-00A0C91BC942}") = "DockingDemo", "DockingDemo\DockingDemo.vcproj", "{014A007F-57EA-410E-900F-5F79B7A9A897}"
EndProject
Project("{8BC9CEB8-8B4A-11D0-8D11-00A0C91BC942}") = "MultiView", "MultiView\MultiView.vcproj", "{663BCFB8-FC87-4936-9100-4B47E3DF172E}"
EndProject
Project("{8BC9CEB8-8B4A-11D0-8D11-00A0C91BC942}") = "Nesting", "Nesting\Nesting.vcproj", "{FE58DDB2-2FD1-4DC3-AAA7-CEF012E174CD}"
EndProject
Project("{8BC9CEB8-8B4A-11D0-8D11-00A0C91BC942}") = "GameEditor", "GameEditor\GameEditor.vcproj", "{A0151AC1-E589-49F6-853B-3C4D72846C41}"
EndProject
Project("{8BC9CEB8-8B4A-11D0-8D11-00A0C91BC942}") = "MatrixTool", "MatrixTool\MatrixTool.vcproj", "{5459C73B-862F-4C8C-A69F-4237B5834D58}"
EndProject
Project("{8BC9CEB8-8B4A-11D0-8D11-00A0C91BC942}") = "FloatTest", "FloatEdit\FloatTest.vcproj", "{5AA9A399-E35E-46A1-8C4B-5C5735676196}"
EndProject
Project("{8BC9CEB8-8B4A-11D0-8D11-00A0C91BC942}") = "Deliver", "Deliver\Deliver.vcproj", "{626023BC-B5E0-4DD8-8328-7DC2241FB99F}"
EndProject
Project("{8BC9CEB8-8B4A-11D0-8D11-00A0C91BC942}") = "PropertyPage", "PropertyPage\PropertyPage.vcproj", "{F45C05E9-EDED-4F97-B462-E965A958923E}"
EndProject
Project("{8BC9CEB8-8B4A-11D0-8D11-00A0C91BC942}") = "IrrlichtSplit", "IrrlichtSplit\IrrlichtSplit.vcproj", "{00D8885F-7AB5-4D19-BA3B-C29F717EE192}"
EndProject
Project("{8BC9CEB8-8B4A-11D0-8D11-00A0C91BC942}") = "IrrlichtSplit2", "IrrlichtSplit2\IrrlichtSplit2.vcproj", "{6D113C53-DF22-484C-8731-FD511AE7A9A3}"
EndProject
Project("{8BC9CEB8-8B4A-11D0-8D11-00A0C91BC942}") = "Noninstall", "Noninstall\Noninstall.vcproj", "{6D5100F4-5790-4E6C-B394-F928A2F5BA5F}"
EndProject
Global
	GlobalSection(SolutionConfigurationPlatforms) = preSolution
		Debug|Win32 = Debug|Win32
		Release|Win32 = Release|Win32
	EndGlobalSection
	GlobalSection(ProjectConfigurationPlatforms) = postSolution
		{AAA9087E-3F21-4E4B-B1B0-32352899CD4C}.Debug|Win32.ActiveCfg = Debug|Win32
		{AAA9087E-3F21-4E4B-B1B0-32352899CD4C}.Debug|Win32.Build.0 = Debug|Win32
		{AAA9087E-3F21-4E4B-B1B0-32352899CD4C}.Release|Win32.ActiveCfg = Release|Win32
		{AAA9087E-3F21-4E4B-B1B0-32352899CD4C}.Release|Win32.Build.0 = Release|Win32
		{F18418A4-0B09-4AD2-A0CC-DF5F815119D2}.Debug|Win32.ActiveCfg = Debug|Win32
		{F18418A4-0B09-4AD2-A0CC-DF5F815119D2}.Debug|Win32.Build.0 = Debug|Win32
		{F18418A4-0B09-4AD2-A0CC-DF5F815119D2}.Release|Win32.ActiveCfg = Release|Win32
		{F18418A4-0B09-4AD2-A0CC-DF5F815119D2}.Release|Win32.Build.0 = Release|Win32
		{8AB529A1-7D17-45B3-B317-C035927EDFE0}.Debug|Win32.ActiveCfg = Debug|Win32
		{8AB529A1-7D17-45B3-B317-C035927EDFE0}.Debug|Win32.Build.0 = Debug|Win32
		{8AB529A1-7D17-45B3-B317-C035927EDFE0}.Release|Win32.ActiveCfg = Release|Win32
		{8AB529A1-7D17-45B3-B317-C035927EDFE0}.Release|Win32.Build.0 = Release|Win32
		{417ADE97-A062-4228-B7D4-91A3C9C24C07}.Debug|Win32.ActiveCfg = Debug|Win32
		{417ADE97-A062-4228-B7D4-91A3C9C24C07}.Debug|Win32.Build.0 = Debug|Win32
		{417ADE97-A062-4228-B7D4-91A3C9C24C07}.Release|Win32.ActiveCfg = Release|Win32
		{417ADE97-A062-4228-B7D4-91A3C9C24C07}.Release|Win32.Build.0 = Release|Win32
		{01416A91-A999-429C-A5BC-A57573A263AF}.Debug|Win32.ActiveCfg = Debug|Win32
		{01416A91-A999-429C-A5BC-A57573A263AF}.Debug|Win32.Build.0 = Debug|Win32
		{01416A91-A999-429C-A5BC-A57573A263AF}.Release|Win32.ActiveCfg = Release|Win32
		{01416A91-A999-429C-A5BC-A57573A263AF}.Release|Win32.Build.0 = Release|Win32
		{B757A019-7F7D-4DF3-8854-3AA710B44F01}.Debug|Win32.ActiveCfg = Debug|Win32
		{B757A019-7F7D-4DF3-8854-3AA710B44F01}.Debug|Win32.Build.0 = Debug|Win32
		{B757A019-7F7D-4DF3-8854-3AA710B44F01}.Release|Win32.ActiveCfg = Release|Win32
		{B757A019-7F7D-4DF3-8854-3AA710B44F01}.Release|Win32.Build.0 = Release|Win32
		{2B40A169-84FD-465D-8E87-8ED8732B9E49}.Debug|Win32.ActiveCfg = Debug|Win32
		{2B40A169-84FD-465D-8E87-8ED8732B9E49}.Debug|Win32.Build.0 = Debug|Win32
		{2B40A169-84FD-465D-8E87-8ED8732B9E49}.Release|Win32.ActiveCfg = Release|Win32
		{2B40A169-84FD-465D-8E87-8ED8732B9E49}.Release|Win32.Build.0 = Release|Win32
		{D2B2D5A1-FB54-40BA-AE91-DE94EBF3537A}.Debug|Win32.ActiveCfg = Debug|Win32
		{D2B2D5A1-FB54-40BA-AE91-DE94EBF3537A}.Debug|Win32.Build.0 = Debug|Win32
		{D2B2D5A1-FB54-40BA-AE91-DE94EBF3537A}.Release|Win32.ActiveCfg = Release|Win32
		{D2B2D5A1-FB54-40BA-AE91-DE94EBF3537A}.Release|Win32.Build.0 = Release|Win32
		{F2E3C135-C558-490D-8809-3240139D3606}.Debug|Win32.ActiveCfg = Debug|Win32
		{F2E3C135-C558-490D-8809-3240139D3606}.Debug|Win32.Build.0 = Debug|Win32
		{F2E3C135-C558-490D-8809-3240139D3606}.Release|Win32.ActiveCfg = Release|Win32
		{F2E3C135-C558-490D-8809-3240139D3606}.Release|Win32.Build.0 = Release|Win32
		{A209BB17-0BDB-4CBC-A99F-AD65BAF713B3}.Debug|Win32.ActiveCfg = Debug|Win32
		{A209BB17-0BDB-4CBC-A99F-AD65BAF713B3}.Debug|Win32.Build.0 = Debug|Win32
		{A209BB17-0BDB-4CBC-A99F-AD65BAF713B3}.Release|Win32.ActiveCfg = Release|Win32
		{A209BB17-0BDB-4CBC-A99F-AD65BAF713B3}.Release|Win32.Build.0 = Release|Win32
		{25319C4F-5E12-4212-BA87-0CE0E26D6A15}.Debug|Win32.ActiveCfg = Debug|Win32
		{25319C4F-5E12-4212-BA87-0CE0E26D6A15}.Debug|Win32.Build.0 = Debug|Win32
		{25319C4F-5E12-4212-BA87-0CE0E26D6A15}.Release|Win32.ActiveCfg = Release|Win32
		{25319C4F-5E12-4212-BA87-0CE0E26D6A15}.Release|Win32.Build.0 = Release|Win32
		{014A007F-57EA-410E-900F-5F79B7A9A897}.Debug|Win32.ActiveCfg = Debug|Win32
		{014A007F-57EA-410E-900F-5F79B7A9A897}.Debug|Win32.Build.0 = Debug|Win32
		{014A007F-57EA-410E-900F-5F79B7A9A897}.Release|Win32.ActiveCfg = Release|Win32
		{014A007F-57EA-410E-900F-5F79B7A9A897}.Release|Win32.Build.0 = Release|Win32
		{663BCFB8-FC87-4936-9100-4B47E3DF172E}.Debug|Win32.ActiveCfg = Debug|Win32
		{663BCFB8-FC87-4936-9100-4B47E3DF172E}.Debug|Win32.Build.0 = Debug|Win32
		{663BCFB8-FC87-4936-9100-4B47E3DF172E}.Release|Win32.ActiveCfg = Release|Win32
		{663BCFB8-FC87-4936-9100-4B47E3DF172E}.Release|Win32.Build.0 = Release|Win32
		{FE58DDB2-2FD1-4DC3-AAA7-CEF012E174CD}.Debug|Win32.ActiveCfg = Debug|Win32
		{FE58DDB2-2FD1-4DC3-AAA7-CEF012E174CD}.Debug|Win32.Build.0 = Debug|Win32
		{FE58DDB2-2FD1-4DC3-AAA7-CEF012E174CD}.Release|Win32.ActiveCfg = Release|Win32
		{FE58DDB2-2FD1-4DC3-AAA7-CEF012E174CD}.Release|Win32.Build.0 = Release|Win32
		{A0151AC1-E589-49F6-853B-3C4D72846C41}.Debug|Win32.ActiveCfg = Debug|Win32
		{A0151AC1-E589-49F6-853B-3C4D72846C41}.Debug|Win32.Build.0 = Debug|Win32
		{A0151AC1-E589-49F6-853B-3C4D72846C41}.Release|Win32.ActiveCfg = Release|Win32
		{A0151AC1-E589-49F6-853B-3C4D72846C41}.Release|Win32.Build.0 = Release|Win32
		{5459C73B-862F-4C8C-A69F-4237B5834D58}.Debug|Win32.ActiveCfg = Debug|Win32
		{5459C73B-862F-4C8C-A69F-4237B5834D58}.Debug|Win32.Build.0 = Debug|Win32
		{5459C73B-862F-4C8C-A69F-4237B5834D58}.Release|Win32.ActiveCfg = Release|Win32
		{5459C73B-862F-4C8C-A69F-4237B5834D58}.Release|Win32.Build.0 = Release|Win32
		{5AA9A399-E35E-46A1-8C4B-5C5735676196}.Debug|Win32.ActiveCfg = Debug|Win32
		{5AA9A399-E35E-46A1-8C4B-5C5735676196}.Debug|Win32.Build.0 = Debug|Win32
		{5AA9A399-E35E-46A1-8C4B-5C5735676196}.Release|Win32.ActiveCfg = Release|Win32
		{5AA9A399-E35E-46A1-8C4B-5C5735676196}.Release|Win32.Build.0 = Release|Win32
		{626023BC-B5E0-4DD8-8328-7DC2241FB99F}.Debug|Win32.ActiveCfg = Debug|Win32
		{626023BC-B5E0-4DD8-8328-7DC2241FB99F}.Debug|Win32.Build.0 = Debug|Win32
		{626023BC-B5E0-4DD8-8328-7DC2241FB99F}.Release|Win32.ActiveCfg = Release|Win32
		{626023BC-B5E0-4DD8-8328-7DC2241FB99F}.Release|Win32.Build.0 = Release|Win32
		{F45C05E9-EDED-4F97-B462-E965A958923E}.Debug|Win32.ActiveCfg = Debug|Win32
		{F45C05E9-EDED-4F97-B462-E965A958923E}.Debug|Win32.Build.0 = Debug|Win32
		{F45C05E9-EDED-4F97-B462-E965A958923E}.Release|Win32.ActiveCfg = Release|Win32
		{F45C05E9-EDED-4F97-B462-E965A958923E}.Release|Win32.Build.0 = Release|Win32
		{00D8885F-7AB5-4D19-BA3B-C29F717EE192}.Debug|Win32.ActiveCfg = Debug|Win32
		{00D8885F-7AB5-4D19-BA3B-C29F717EE192}.Debug|Win32.Build.0 = Debug|Win32
		{00D8885F-7AB5-4D19-BA3B-C29F717EE192}.Release|Win32.ActiveCfg = Release|Win32
		{00D8885F-7AB5-4D19-BA3B-C29F717EE192}.Release|Win32.Build.0 = Release|Win32
		{6D113C53-DF22-484C-8731-FD511AE7A9A3}.Debug|Win32.ActiveCfg = Debug|Win32
		{6D113C53-DF22-484C-8731-FD511AE7A9A3}.Debug|Win32.Build.0 = Debug|Win32
		{6D113C53-DF22-484C-8731-FD511AE7A9A3}.Release|Win32.ActiveCfg = Release|Win32
		{6D113C53-DF22-484C-8731-FD511AE7A9A3}.Release|Win32.Build.0 = Release|Win32
		{6D5100F4-5790-4E6C-B394-F928A2F5BA5F}.Debug|Win32.ActiveCfg = Debug|Win32
		{6D5100F4-5790-4E6C-B394-F928A2F5BA5F}.Debug|Win32.Build.0 = Debug|Win32
		{6D5100F4-5790-4E6C-B394-F928A2F5BA5F}.Release|Win32.ActiveCfg = Release|Win32
		{6D5100F4-5790-4E6C-B394-F928A2F5BA5F}.Release|Win32.Build.0 = Release|Win32
	EndGlobalSection
	GlobalSection(SolutionProperties) = preSolution
		HideSolutionNode = FALSE
	EndGlobalSection
EndGlobal
