
Microsoft Visual Studio Solution File, Format Version 10.00
# Visual Studio 2008
Project("{8BC9CEB8-8B4A-11D0-8D11-00A0C91BC942}") = "helloworld", "helloworld\helloworld.vcproj", "{C769481E-3C74-495B-B2D6-8AF4A2B4B4EF}"
	ProjectSection(ProjectDependencies) = postProject
		{557BF17C-91B5-4737-B1FF-0BDE3C588382} = {557BF17C-91B5-4737-B1FF-0BDE3C588382}
		{B0831882-BA8C-488F-911D-6E75ACBCE0AF} = {B0831882-BA8C-488F-911D-6E75ACBCE0AF}
	EndProjectSection
EndProject
Project("{8BC9CEB8-8B4A-11D0-8D11-00A0C91BC942}") = "freealut", "freealut\freealut.vcproj", "{557BF17C-91B5-4737-B1FF-0BDE3C588382}"
	ProjectSection(ProjectDependencies) = postProject
		{B0831882-BA8C-488F-911D-6E75ACBCE0AF} = {B0831882-BA8C-488F-911D-6E75ACBCE0AF}
	EndProjectSection
EndProject
Project("{8BC9CEB8-8B4A-11D0-8D11-00A0C91BC942}") = "openal", "openal\openal.vcproj", "{B0831882-BA8C-488F-911D-6E75ACBCE0AF}"
EndProject
Project("{8BC9CEB8-8B4A-11D0-8D11-00A0C91BC942}") = "01Helloworld", "01Helloworld\01Helloworld.vcproj", "{57A815A4-2FA9-4941-AE65-A09ADD6B4EE0}"
	ProjectSection(ProjectDependencies) = postProject
		{557BF17C-91B5-4737-B1FF-0BDE3C588382} = {557BF17C-91B5-4737-B1FF-0BDE3C588382}
		{B0831882-BA8C-488F-911D-6E75ACBCE0AF} = {B0831882-BA8C-488F-911D-6E75ACBCE0AF}
	EndProjectSection
EndProject
Project("{8BC9CEB8-8B4A-11D0-8D11-00A0C91BC942}") = "libogg", "libogg\libogg.vcproj", "{E7FA0D0D-798B-4239-A976-D155599F4CDC}"
EndProject
Project("{8BC9CEB8-8B4A-11D0-8D11-00A0C91BC942}") = "libvorbis", "libvorbis\libvorbis.vcproj", "{8C87B189-C088-4721-A418-E10267C9B84E}"
	ProjectSection(ProjectDependencies) = postProject
		{E7FA0D0D-798B-4239-A976-D155599F4CDC} = {E7FA0D0D-798B-4239-A976-D155599F4CDC}
	EndProjectSection
EndProject
Project("{8BC9CEB8-8B4A-11D0-8D11-00A0C91BC942}") = "02OggDemo", "02OggDemo\02OggDemo.vcproj", "{41BC547A-96DA-4846-B816-01CFF0868A7F}"
	ProjectSection(ProjectDependencies) = postProject
		{557BF17C-91B5-4737-B1FF-0BDE3C588382} = {557BF17C-91B5-4737-B1FF-0BDE3C588382}
		{B0831882-BA8C-488F-911D-6E75ACBCE0AF} = {B0831882-BA8C-488F-911D-6E75ACBCE0AF}
		{8C87B189-C088-4721-A418-E10267C9B84E} = {8C87B189-C088-4721-A418-E10267C9B84E}
	EndProjectSection
EndProject
Project("{8BC9CEB8-8B4A-11D0-8D11-00A0C91BC942}") = "03MultiSound", "03MultiSound\03MultiSound.vcproj", "{F14A216A-4581-48B4-81FD-A429FED88A03}"
	ProjectSection(ProjectDependencies) = postProject
		{557BF17C-91B5-4737-B1FF-0BDE3C588382} = {557BF17C-91B5-4737-B1FF-0BDE3C588382}
		{B0831882-BA8C-488F-911D-6E75ACBCE0AF} = {B0831882-BA8C-488F-911D-6E75ACBCE0AF}
		{8C87B189-C088-4721-A418-E10267C9B84E} = {8C87B189-C088-4721-A418-E10267C9B84E}
	EndProjectSection
EndProject
Global
	GlobalSection(SolutionConfigurationPlatforms) = preSolution
		Debug|Win32 = Debug|Win32
		Release|Win32 = Release|Win32
	EndGlobalSection
	GlobalSection(ProjectConfigurationPlatforms) = postSolution
		{C769481E-3C74-495B-B2D6-8AF4A2B4B4EF}.Debug|Win32.ActiveCfg = Debug|Win32
		{C769481E-3C74-495B-B2D6-8AF4A2B4B4EF}.Debug|Win32.Build.0 = Debug|Win32
		{C769481E-3C74-495B-B2D6-8AF4A2B4B4EF}.Release|Win32.ActiveCfg = Release|Win32
		{C769481E-3C74-495B-B2D6-8AF4A2B4B4EF}.Release|Win32.Build.0 = Release|Win32
		{557BF17C-91B5-4737-B1FF-0BDE3C588382}.Debug|Win32.ActiveCfg = Debug|Win32
		{557BF17C-91B5-4737-B1FF-0BDE3C588382}.Debug|Win32.Build.0 = Debug|Win32
		{557BF17C-91B5-4737-B1FF-0BDE3C588382}.Release|Win32.ActiveCfg = Release|Win32
		{557BF17C-91B5-4737-B1FF-0BDE3C588382}.Release|Win32.Build.0 = Release|Win32
		{B0831882-BA8C-488F-911D-6E75ACBCE0AF}.Debug|Win32.ActiveCfg = Debug|Win32
		{B0831882-BA8C-488F-911D-6E75ACBCE0AF}.Debug|Win32.Build.0 = Debug|Win32
		{B0831882-BA8C-488F-911D-6E75ACBCE0AF}.Release|Win32.ActiveCfg = Release|Win32
		{B0831882-BA8C-488F-911D-6E75ACBCE0AF}.Release|Win32.Build.0 = Release|Win32
		{57A815A4-2FA9-4941-AE65-A09ADD6B4EE0}.Debug|Win32.ActiveCfg = Debug|Win32
		{57A815A4-2FA9-4941-AE65-A09ADD6B4EE0}.Debug|Win32.Build.0 = Debug|Win32
		{57A815A4-2FA9-4941-AE65-A09ADD6B4EE0}.Release|Win32.ActiveCfg = Release|Win32
		{57A815A4-2FA9-4941-AE65-A09ADD6B4EE0}.Release|Win32.Build.0 = Release|Win32
		{E7FA0D0D-798B-4239-A976-D155599F4CDC}.Debug|Win32.ActiveCfg = Debug|Win32
		{E7FA0D0D-798B-4239-A976-D155599F4CDC}.Debug|Win32.Build.0 = Debug|Win32
		{E7FA0D0D-798B-4239-A976-D155599F4CDC}.Release|Win32.ActiveCfg = Release|Win32
		{E7FA0D0D-798B-4239-A976-D155599F4CDC}.Release|Win32.Build.0 = Release|Win32
		{8C87B189-C088-4721-A418-E10267C9B84E}.Debug|Win32.ActiveCfg = Debug|Win32
		{8C87B189-C088-4721-A418-E10267C9B84E}.Debug|Win32.Build.0 = Debug|Win32
		{8C87B189-C088-4721-A418-E10267C9B84E}.Release|Win32.ActiveCfg = Release|Win32
		{8C87B189-C088-4721-A418-E10267C9B84E}.Release|Win32.Build.0 = Release|Win32
		{41BC547A-96DA-4846-B816-01CFF0868A7F}.Debug|Win32.ActiveCfg = Debug|Win32
		{41BC547A-96DA-4846-B816-01CFF0868A7F}.Debug|Win32.Build.0 = Debug|Win32
		{41BC547A-96DA-4846-B816-01CFF0868A7F}.Release|Win32.ActiveCfg = Release|Win32
		{41BC547A-96DA-4846-B816-01CFF0868A7F}.Release|Win32.Build.0 = Release|Win32
		{F14A216A-4581-48B4-81FD-A429FED88A03}.Debug|Win32.ActiveCfg = Debug|Win32
		{F14A216A-4581-48B4-81FD-A429FED88A03}.Debug|Win32.Build.0 = Debug|Win32
		{F14A216A-4581-48B4-81FD-A429FED88A03}.Release|Win32.ActiveCfg = Release|Win32
		{F14A216A-4581-48B4-81FD-A429FED88A03}.Release|Win32.Build.0 = Release|Win32
	EndGlobalSection
	GlobalSection(SolutionProperties) = preSolution
		HideSolutionNode = FALSE
	EndGlobalSection
EndGlobal
